PODS:
  - FlexLayout (1.3.32)
  - PinLayout (1.10.4)
  - RxCocoa (6.5.0):
    - RxRelay (= 6.5.0)
    - RxSwift (= 6.5.0)
  - RxRelay (6.5.0):
    - RxSwift (= 6.5.0)
  - RxSwift (6.5.0)
  - Then (3.0.0)

DEPENDENCIES:
  - FlexLayout
  - PinLayout
  - RxCocoa (~> 6.5.0)
  - RxSwift (~> 6.5.0)
  - Then

SPEC REPOS:
  trunk:
    - FlexLayout
    - PinLayout
    - RxCocoa
    - RxRelay
    - RxSwift
    - Then

SPEC CHECKSUMS:
  FlexLayout: 9184986cace599a581164c8e4af8c860698837af
  PinLayout: f8a677ce0cd1cfe96b58435d029b4ceb4ce9c04c
  RxCocoa: 94f817b71c07517321eb4f9ad299112ca8af743b
  RxRelay: 1de1523e604c72b6c68feadedd1af3b1b4d0ecbd
  RxSwift: 5710a9e6b17f3c3d6e40d6e559b9fa1e813b2ef8
  Then: 844265ae87834bbe1147d91d5d41a404da2ec27d

PODFILE CHECKSUM: 3d49b99a587bcfd51da107bdb2d90463c5f9d776

COCOAPODS: 1.11.3
