// !$*UTF8*$!
{
	archiveVersion = 1;
	classes = {
	};
	objectVersion = 56;
	objects = {

/* Begin PBXBuildFile section */
		5C1BCA172A67D2FF00D02D84 /* NicknameViewModel.swift in Sources */ = {isa = PBXBuildFile; fileRef = 5C1BCA162A67D2FF00D02D84 /* NicknameViewModel.swift */; };
		5C1D5A112A3C500A00E66788 /* CSLabel.swift in Sources */ = {isa = PBXBuildFile; fileRef = 5C1D5A102A3C500A00E66788 /* CSLabel.swift */; };
		5C23DB8F2A65045C00F41574 /* RxCocoa in Frameworks */ = {isa = PBXBuildFile; productRef = 5C23DB8E2A65045C00F41574 /* RxCocoa */; };
		5C23DB932A65045C00F41574 /* RxRelay in Frameworks */ = {isa = PBXBuildFile; productRef = 5C23DB922A65045C00F41574 /* RxRelay */; };
		5C23DB972A65045C00F41574 /* RxSwift in Frameworks */ = {isa = PBXBuildFile; productRef = 5C23DB962A65045C00F41574 /* RxSwift */; };
		5C23DB9C2A65048200F41574 /* CombineMoya in Frameworks */ = {isa = PBXBuildFile; productRef = 5C23DB9B2A65048200F41574 /* CombineMoya */; };
		5C23DB9E2A65048200F41574 /* Moya in Frameworks */ = {isa = PBXBuildFile; productRef = 5C23DB9D2A65048200F41574 /* Moya */; };
		5C23DBA02A65048200F41574 /* ReactiveMoya in Frameworks */ = {isa = PBXBuildFile; productRef = 5C23DB9F2A65048200F41574 /* ReactiveMoya */; };
		5C23DBA22A65048200F41574 /* RxMoya in Frameworks */ = {isa = PBXBuildFile; productRef = 5C23DBA12A65048200F41574 /* RxMoya */; };
		5C23DBA42A6505BF00F41574 /* KakaoErrorResponse.swift in Sources */ = {isa = PBXBuildFile; fileRef = 5C23DBA32A6505BF00F41574 /* KakaoErrorResponse.swift */; };
		5C4BE89B2A5E2D1200FD2CEF /* EditRegionViewController.swift in Sources */ = {isa = PBXBuildFile; fileRef = 5C4BE89A2A5E2D1200FD2CEF /* EditRegionViewController.swift */; };
		5C4BE89D2A5E63C000FD2CEF /* RegionCollectionViewCell.swift in Sources */ = {isa = PBXBuildFile; fileRef = 5C4BE89C2A5E63C000FD2CEF /* RegionCollectionViewCell.swift */; };
		5C9D02BA2A68EB3900AF2DA3 /* Observable+Extension.swift in Sources */ = {isa = PBXBuildFile; fileRef = 5C9D02B92A68EB3900AF2DA3 /* Observable+Extension.swift */; };
		5C9D02BC2A68FC0200AF2DA3 /* Dependency.swift in Sources */ = {isa = PBXBuildFile; fileRef = 5C9D02BB2A68FC0200AF2DA3 /* Dependency.swift */; };
		5CAB60B92A4563B300CD431A /* NSMutableAttributedString+Extension.swift in Sources */ = {isa = PBXBuildFile; fileRef = 5CAB60B82A4563B300CD431A /* NSMutableAttributedString+Extension.swift */; };
		5CAB60BF2A4D6A9D00CD431A /* ClosetFSPagerViewCell.swift in Sources */ = {isa = PBXBuildFile; fileRef = 5CAB60BE2A4D6A9D00CD431A /* ClosetFSPagerViewCell.swift */; };
		5CAB60C32A528C7A00CD431A /* UICollectionView+Extension.swift in Sources */ = {isa = PBXBuildFile; fileRef = 5CAB60C22A528C7A00CD431A /* UICollectionView+Extension.swift */; };
		5CAB60C52A528C9700CD431A /* UICollectionViewCell+Extension.swift in Sources */ = {isa = PBXBuildFile; fileRef = 5CAB60C42A528C9700CD431A /* UICollectionViewCell+Extension.swift */; };
		5CAB60CF2A53F61700CD431A /* TenDaysForecastViewController.swift in Sources */ = {isa = PBXBuildFile; fileRef = 5CAB60CE2A53F61700CD431A /* TenDaysForecastViewController.swift */; };
		5CAB60D12A54FC5F00CD431A /* UITableView+Extension.swift in Sources */ = {isa = PBXBuildFile; fileRef = 5CAB60D02A54FC5F00CD431A /* UITableView+Extension.swift */; };
		5CAB60D32A54FC6A00CD431A /* UITableViewCell+Extension.swift in Sources */ = {isa = PBXBuildFile; fileRef = 5CAB60D22A54FC6900CD431A /* UITableViewCell+Extension.swift */; };
		5CAB60D52A54FDFE00CD431A /* TenDaysForecastTableViewCell.swift in Sources */ = {isa = PBXBuildFile; fileRef = 5CAB60D42A54FDFE00CD431A /* TenDaysForecastTableViewCell.swift */; };
		5CC61E1F2A56850F001435E6 /* DateFormatter+Extension.swift in Sources */ = {isa = PBXBuildFile; fileRef = 5CC61E1E2A56850F001435E6 /* DateFormatter+Extension.swift */; };
		5CC61E212A579D66001435E6 /* DailyForecastViewController.swift in Sources */ = {isa = PBXBuildFile; fileRef = 5CC61E202A579D66001435E6 /* DailyForecastViewController.swift */; };
		5CC61E232A57C617001435E6 /* DailyForecastTableViewCell.swift in Sources */ = {isa = PBXBuildFile; fileRef = 5CC61E222A57C617001435E6 /* DailyForecastTableViewCell.swift */; };
		5CC61E262A5BC223001435E6 /* SettingRegionViewController.swift in Sources */ = {isa = PBXBuildFile; fileRef = 5CC61E252A5BC223001435E6 /* SettingRegionViewController.swift */; };
		5CC61E282A5BDCCC001435E6 /* UIViewController+Extension.swift in Sources */ = {isa = PBXBuildFile; fileRef = 5CC61E272A5BDCCC001435E6 /* UIViewController+Extension.swift */; };
		5CCC914B2A6114880025B522 /* RegionTarget.swift in Sources */ = {isa = PBXBuildFile; fileRef = 5CCC914A2A6114880025B522 /* RegionTarget.swift */; };
		5CCC914D2A61179F0025B522 /* WBTargetType.swift in Sources */ = {isa = PBXBuildFile; fileRef = 5CCC914C2A61179F0025B522 /* WBTargetType.swift */; };
		5CCC91522A61197B0025B522 /* SearchRegionEntity.swift in Sources */ = {isa = PBXBuildFile; fileRef = 5CCC91512A61197B0025B522 /* SearchRegionEntity.swift */; };
		5CCC91542A611FCE0025B522 /* NetworkManager.swift in Sources */ = {isa = PBXBuildFile; fileRef = 5CCC91532A611FCE0025B522 /* NetworkManager.swift */; };
		5CCC91562A613F010025B522 /* SettingRegionViewModel.swift in Sources */ = {isa = PBXBuildFile; fileRef = 5CCC91552A613F010025B522 /* SettingRegionViewModel.swift */; };
		696176B22A63E37F00B83B4C /* RxBaseViewModel.swift in Sources */ = {isa = PBXBuildFile; fileRef = 696176B12A63E37F00B83B4C /* RxBaseViewModel.swift */; };
		696176B42A63E3C000B83B4C /* BaseDisposeBag.swift in Sources */ = {isa = PBXBuildFile; fileRef = 696176B32A63E3C000B83B4C /* BaseDisposeBag.swift */; };
		696176B62A63E4A400B83B4C /* EmptyViewModel.swift in Sources */ = {isa = PBXBuildFile; fileRef = 696176B52A63E4A400B83B4C /* EmptyViewModel.swift */; };
		69CCF1C82A63A01D00756127 /* RegionProvider.swift in Sources */ = {isa = PBXBuildFile; fileRef = 69CCF1C72A63A01D00756127 /* RegionProvider.swift */; };
		69CCF1CB2A63CA5000756127 /* RegionDataSource.swift in Sources */ = {isa = PBXBuildFile; fileRef = 69CCF1CA2A63CA5000756127 /* RegionDataSource.swift */; };
		69CCF1CF2A63CD5500756127 /* WBErrorResponse.swift in Sources */ = {isa = PBXBuildFile; fileRef = 69CCF1CE2A63CD5500756127 /* WBErrorResponse.swift */; };
		69CCF1D12A63CDC200756127 /* RemoteError.swift in Sources */ = {isa = PBXBuildFile; fileRef = 69CCF1D02A63CDC200756127 /* RemoteError.swift */; };
		69FDD4C62A39E42900830927 /* NicknameViewController.swift in Sources */ = {isa = PBXBuildFile; fileRef = 69FDD4C52A39E42900830927 /* NicknameViewController.swift */; };
		69FDD4CC2A407FA400830927 /* CSProgressView.swift in Sources */ = {isa = PBXBuildFile; fileRef = 69FDD4CB2A407FA400830927 /* CSProgressView.swift */; };
		BD2D01892A388753003A25D5 /* AppDelegate.swift in Sources */ = {isa = PBXBuildFile; fileRef = BD2D01882A388753003A25D5 /* AppDelegate.swift */; };
		BD2D018B2A388753003A25D5 /* SceneDelegate.swift in Sources */ = {isa = PBXBuildFile; fileRef = BD2D018A2A388753003A25D5 /* SceneDelegate.swift */; };
		BD2D018D2A388753003A25D5 /* HomeViewController.swift in Sources */ = {isa = PBXBuildFile; fileRef = BD2D018C2A388753003A25D5 /* HomeViewController.swift */; };
		BD2D01922A388755003A25D5 /* Assets.xcassets in Resources */ = {isa = PBXBuildFile; fileRef = BD2D01912A388755003A25D5 /* Assets.xcassets */; };
		BD2D01AE2A38886C003A25D5 /* RxBaseViewController.swift in Sources */ = {isa = PBXBuildFile; fileRef = BD2D01AD2A38886C003A25D5 /* RxBaseViewController.swift */; };
		BD2D01B02A38887D003A25D5 /* UIButton+Extension.swift in Sources */ = {isa = PBXBuildFile; fileRef = BD2D01AF2A38887D003A25D5 /* UIButton+Extension.swift */; };
		BD2D01B22A38889E003A25D5 /* CSButton.swift in Sources */ = {isa = PBXBuildFile; fileRef = BD2D01B12A38889E003A25D5 /* CSButton.swift */; };
		BD2D01B42A3888AA003A25D5 /* UIColor+Extension.swift in Sources */ = {isa = PBXBuildFile; fileRef = BD2D01B32A3888AA003A25D5 /* UIColor+Extension.swift */; };
		BD2D01B62A3888C5003A25D5 /* CodeBaseInitialzerProtocol.swift in Sources */ = {isa = PBXBuildFile; fileRef = BD2D01B52A3888C5003A25D5 /* CodeBaseInitialzerProtocol.swift */; };
		BD4316342A3C967900E86271 /* SensoryTempViewController.swift in Sources */ = {isa = PBXBuildFile; fileRef = BD4316332A3C967900E86271 /* SensoryTempViewController.swift */; };
		BD4316362A3C9DB700E86271 /* AssetsImage.swift in Sources */ = {isa = PBXBuildFile; fileRef = BD4316352A3C9DB700E86271 /* AssetsImage.swift */; };
		BD4316382A3CA20900E86271 /* UIView+Extension.swift in Sources */ = {isa = PBXBuildFile; fileRef = BD4316372A3CA20900E86271 /* UIView+Extension.swift */; };
		BD4AC38A2A655AEC00537583 /* Date+Extension.swift in Sources */ = {isa = PBXBuildFile; fileRef = BD4AC3892A655AEC00537583 /* Date+Extension.swift */; };
		BD4AC38D2A655CE900537583 /* Toast in Frameworks */ = {isa = PBXBuildFile; productRef = BD4AC38C2A655CE900537583 /* Toast */; };
		BD4AC38F2A6671B500537583 /* SeonsoryTempViewModel.swift in Sources */ = {isa = PBXBuildFile; fileRef = BD4AC38E2A6671B500537583 /* SeonsoryTempViewModel.swift */; };
		BD4AC3912A66899500537583 /* UILabel+Extension.swift in Sources */ = {isa = PBXBuildFile; fileRef = BD4AC3902A66899500537583 /* UILabel+Extension.swift */; };
		BD4AC3932A669B0500537583 /* SlotMachineViewModel.swift in Sources */ = {isa = PBXBuildFile; fileRef = BD4AC3922A669B0500537583 /* SlotMachineViewModel.swift */; };
		BD50A5222A4C4072005F066E /* SlotMachineViewController.swift in Sources */ = {isa = PBXBuildFile; fileRef = BD50A5212A4C4072005F066E /* SlotMachineViewController.swift */; };
		BD5169452A5A9BD600582BA9 /* SettingViewModel.swift in Sources */ = {isa = PBXBuildFile; fileRef = BD5169442A5A9BD600582BA9 /* SettingViewModel.swift */; };
		BD5169472A5AA39000582BA9 /* EditNicknameViewController.swift in Sources */ = {isa = PBXBuildFile; fileRef = BD5169462A5AA39000582BA9 /* EditNicknameViewController.swift */; };
		BD5169492A5D6FEA00582BA9 /* UITextField+Extension.swift in Sources */ = {isa = PBXBuildFile; fileRef = BD5169482A5D6FEA00582BA9 /* UITextField+Extension.swift */; };
		BD51694B2A5D763000582BA9 /* EditNicknameViewModel.swift in Sources */ = {isa = PBXBuildFile; fileRef = BD51694A2A5D763000582BA9 /* EditNicknameViewModel.swift */; };
		BD51694F2A5EB43500582BA9 /* ChangeNicknameViewController.swift in Sources */ = {isa = PBXBuildFile; fileRef = BD51694E2A5EB43500582BA9 /* ChangeNicknameViewController.swift */; };
		BD5169512A5EB48D00582BA9 /* ChangeNicknameViewModel.swift in Sources */ = {isa = PBXBuildFile; fileRef = BD5169502A5EB48D00582BA9 /* ChangeNicknameViewModel.swift */; };
		BD5D168C2A612BC900435816 /* DateTimePickViewController.swift in Sources */ = {isa = PBXBuildFile; fileRef = BD5D168B2A612BC900435816 /* DateTimePickViewController.swift */; };
		BD5D168E2A612BD500435816 /* DateTimePickViewModel.swift in Sources */ = {isa = PBXBuildFile; fileRef = BD5D168D2A612BD500435816 /* DateTimePickViewModel.swift */; };
		BD5D16932A63B3AD00435816 /* CALayer+Extension.swift in Sources */ = {isa = PBXBuildFile; fileRef = BD5D16922A63B3AD00435816 /* CALayer+Extension.swift */; };
		BD69B8F72A54337000DDCD7A /* SettingViewController.swift in Sources */ = {isa = PBXBuildFile; fileRef = BD69B8F62A54337000DDCD7A /* SettingViewController.swift */; };
		BD69B8F92A553A0C00DDCD7A /* CSNavigationView.swift in Sources */ = {isa = PBXBuildFile; fileRef = BD69B8F82A553A0C00DDCD7A /* CSNavigationView.swift */; };
		BD77B8282A388C9400E7D57A /* CSColor.swift in Sources */ = {isa = PBXBuildFile; fileRef = BD77B8272A388C9400E7D57A /* CSColor.swift */; };
		BD77B82A2A388CEF00E7D57A /* OnBoardViewController.swift in Sources */ = {isa = PBXBuildFile; fileRef = BD77B8292A388CEF00E7D57A /* OnBoardViewController.swift */; };
		BD77B82C2A388D2000E7D57A /* OnBoardViewModel.swift in Sources */ = {isa = PBXBuildFile; fileRef = BD77B82B2A388D2000E7D57A /* OnBoardViewModel.swift */; };
		BD77B82E2A388D2E00E7D57A /* HomeViewModel.swift in Sources */ = {isa = PBXBuildFile; fileRef = BD77B82D2A388D2E00E7D57A /* HomeViewModel.swift */; };
		BDA66FEA2A4075270061A1F0 /* UIImageView+Extension.swift in Sources */ = {isa = PBXBuildFile; fileRef = BDA66FE92A4075270061A1F0 /* UIImageView+Extension.swift */; };
		BDA66FED2A444C470061A1F0 /* SelectGenderViewController.swift in Sources */ = {isa = PBXBuildFile; fileRef = BDA66FEC2A444C470061A1F0 /* SelectGenderViewController.swift */; };
		BDA66FEF2A4459910061A1F0 /* SelectGenderViewModel.swift in Sources */ = {isa = PBXBuildFile; fileRef = BDA66FEE2A4459910061A1F0 /* SelectGenderViewModel.swift */; };
		BDF208FF2A4EAEF2001177B2 /* CGFloat+Extension.swift in Sources */ = {isa = PBXBuildFile; fileRef = BDF208FE2A4EAEF2001177B2 /* CGFloat+Extension.swift */; };
/* End PBXBuildFile section */

/* Begin PBXFileReference section */
		5C1BCA162A67D2FF00D02D84 /* NicknameViewModel.swift */ = {isa = PBXFileReference; lastKnownFileType = sourcecode.swift; path = NicknameViewModel.swift; sourceTree = "<group>"; };
		5C1D5A102A3C500A00E66788 /* CSLabel.swift */ = {isa = PBXFileReference; lastKnownFileType = sourcecode.swift; path = CSLabel.swift; sourceTree = "<group>"; };
		5C23DBA32A6505BF00F41574 /* KakaoErrorResponse.swift */ = {isa = PBXFileReference; lastKnownFileType = sourcecode.swift; path = KakaoErrorResponse.swift; sourceTree = "<group>"; };
		5C4BE89A2A5E2D1200FD2CEF /* EditRegionViewController.swift */ = {isa = PBXFileReference; lastKnownFileType = sourcecode.swift; path = EditRegionViewController.swift; sourceTree = "<group>"; };
		5C4BE89C2A5E63C000FD2CEF /* RegionCollectionViewCell.swift */ = {isa = PBXFileReference; lastKnownFileType = sourcecode.swift; path = RegionCollectionViewCell.swift; sourceTree = "<group>"; };
		5C9D02B92A68EB3900AF2DA3 /* Observable+Extension.swift */ = {isa = PBXFileReference; lastKnownFileType = sourcecode.swift; path = "Observable+Extension.swift"; sourceTree = "<group>"; };
		5C9D02BB2A68FC0200AF2DA3 /* Dependency.swift */ = {isa = PBXFileReference; lastKnownFileType = sourcecode.swift; path = Dependency.swift; sourceTree = "<group>"; };
		5CAB60B82A4563B300CD431A /* NSMutableAttributedString+Extension.swift */ = {isa = PBXFileReference; lastKnownFileType = sourcecode.swift; path = "NSMutableAttributedString+Extension.swift"; sourceTree = "<group>"; };
		5CAB60BE2A4D6A9D00CD431A /* ClosetFSPagerViewCell.swift */ = {isa = PBXFileReference; lastKnownFileType = sourcecode.swift; path = ClosetFSPagerViewCell.swift; sourceTree = "<group>"; };
		5CAB60C22A528C7A00CD431A /* UICollectionView+Extension.swift */ = {isa = PBXFileReference; lastKnownFileType = sourcecode.swift; path = "UICollectionView+Extension.swift"; sourceTree = "<group>"; };
		5CAB60C42A528C9700CD431A /* UICollectionViewCell+Extension.swift */ = {isa = PBXFileReference; lastKnownFileType = sourcecode.swift; path = "UICollectionViewCell+Extension.swift"; sourceTree = "<group>"; };
		5CAB60CE2A53F61700CD431A /* TenDaysForecastViewController.swift */ = {isa = PBXFileReference; lastKnownFileType = sourcecode.swift; path = TenDaysForecastViewController.swift; sourceTree = "<group>"; };
		5CAB60D02A54FC5F00CD431A /* UITableView+Extension.swift */ = {isa = PBXFileReference; lastKnownFileType = sourcecode.swift; path = "UITableView+Extension.swift"; sourceTree = "<group>"; };
		5CAB60D22A54FC6900CD431A /* UITableViewCell+Extension.swift */ = {isa = PBXFileReference; lastKnownFileType = sourcecode.swift; path = "UITableViewCell+Extension.swift"; sourceTree = "<group>"; };
		5CAB60D42A54FDFE00CD431A /* TenDaysForecastTableViewCell.swift */ = {isa = PBXFileReference; lastKnownFileType = sourcecode.swift; path = TenDaysForecastTableViewCell.swift; sourceTree = "<group>"; };
		5CC61E1E2A56850F001435E6 /* DateFormatter+Extension.swift */ = {isa = PBXFileReference; lastKnownFileType = sourcecode.swift; path = "DateFormatter+Extension.swift"; sourceTree = "<group>"; };
		5CC61E202A579D66001435E6 /* DailyForecastViewController.swift */ = {isa = PBXFileReference; lastKnownFileType = sourcecode.swift; path = DailyForecastViewController.swift; sourceTree = "<group>"; };
		5CC61E222A57C617001435E6 /* DailyForecastTableViewCell.swift */ = {isa = PBXFileReference; lastKnownFileType = sourcecode.swift; path = DailyForecastTableViewCell.swift; sourceTree = "<group>"; };
		5CC61E252A5BC223001435E6 /* SettingRegionViewController.swift */ = {isa = PBXFileReference; lastKnownFileType = sourcecode.swift; path = SettingRegionViewController.swift; sourceTree = "<group>"; };
		5CC61E272A5BDCCC001435E6 /* UIViewController+Extension.swift */ = {isa = PBXFileReference; lastKnownFileType = sourcecode.swift; path = "UIViewController+Extension.swift"; sourceTree = "<group>"; };
		5CCC914A2A6114880025B522 /* RegionTarget.swift */ = {isa = PBXFileReference; lastKnownFileType = sourcecode.swift; path = RegionTarget.swift; sourceTree = "<group>"; };
		5CCC914C2A61179F0025B522 /* WBTargetType.swift */ = {isa = PBXFileReference; lastKnownFileType = sourcecode.swift; name = WBTargetType.swift; path = Weatherbly/Network/Moya/WBTargetType.swift; sourceTree = SOURCE_ROOT; };
		5CCC91512A61197B0025B522 /* SearchRegionEntity.swift */ = {isa = PBXFileReference; lastKnownFileType = sourcecode.swift; path = SearchRegionEntity.swift; sourceTree = "<group>"; };
		5CCC91532A611FCE0025B522 /* NetworkManager.swift */ = {isa = PBXFileReference; lastKnownFileType = sourcecode.swift; path = NetworkManager.swift; sourceTree = "<group>"; };
		5CCC91552A613F010025B522 /* SettingRegionViewModel.swift */ = {isa = PBXFileReference; lastKnownFileType = sourcecode.swift; path = SettingRegionViewModel.swift; sourceTree = "<group>"; };
		696176B12A63E37F00B83B4C /* RxBaseViewModel.swift */ = {isa = PBXFileReference; lastKnownFileType = sourcecode.swift; path = RxBaseViewModel.swift; sourceTree = "<group>"; };
		696176B32A63E3C000B83B4C /* BaseDisposeBag.swift */ = {isa = PBXFileReference; lastKnownFileType = sourcecode.swift; path = BaseDisposeBag.swift; sourceTree = "<group>"; };
		696176B52A63E4A400B83B4C /* EmptyViewModel.swift */ = {isa = PBXFileReference; lastKnownFileType = sourcecode.swift; path = EmptyViewModel.swift; sourceTree = "<group>"; };
		69CCF1C72A63A01D00756127 /* RegionProvider.swift */ = {isa = PBXFileReference; lastKnownFileType = sourcecode.swift; path = RegionProvider.swift; sourceTree = "<group>"; };
		69CCF1CA2A63CA5000756127 /* RegionDataSource.swift */ = {isa = PBXFileReference; lastKnownFileType = sourcecode.swift; path = RegionDataSource.swift; sourceTree = "<group>"; };
		69CCF1CE2A63CD5500756127 /* WBErrorResponse.swift */ = {isa = PBXFileReference; lastKnownFileType = sourcecode.swift; path = WBErrorResponse.swift; sourceTree = "<group>"; };
		69CCF1D02A63CDC200756127 /* RemoteError.swift */ = {isa = PBXFileReference; lastKnownFileType = sourcecode.swift; path = RemoteError.swift; sourceTree = "<group>"; };
		69FDD4C52A39E42900830927 /* NicknameViewController.swift */ = {isa = PBXFileReference; lastKnownFileType = sourcecode.swift; path = NicknameViewController.swift; sourceTree = "<group>"; };
		69FDD4CB2A407FA400830927 /* CSProgressView.swift */ = {isa = PBXFileReference; lastKnownFileType = sourcecode.swift; path = CSProgressView.swift; sourceTree = "<group>"; };
		717A5E6B1C49792CF9FD73F1 /* Pods-Weatherbly.debug.xcconfig */ = {isa = PBXFileReference; includeInIndex = 1; lastKnownFileType = text.xcconfig; name = "Pods-Weatherbly.debug.xcconfig"; path = "Target Support Files/Pods-Weatherbly/Pods-Weatherbly.debug.xcconfig"; sourceTree = "<group>"; };
		BD2D01852A388753003A25D5 /* Weatherbly.app */ = {isa = PBXFileReference; explicitFileType = wrapper.application; includeInIndex = 0; path = Weatherbly.app; sourceTree = BUILT_PRODUCTS_DIR; };
		BD2D01882A388753003A25D5 /* AppDelegate.swift */ = {isa = PBXFileReference; lastKnownFileType = sourcecode.swift; path = AppDelegate.swift; sourceTree = "<group>"; };
		BD2D018A2A388753003A25D5 /* SceneDelegate.swift */ = {isa = PBXFileReference; lastKnownFileType = sourcecode.swift; path = SceneDelegate.swift; sourceTree = "<group>"; };
		BD2D018C2A388753003A25D5 /* HomeViewController.swift */ = {isa = PBXFileReference; lastKnownFileType = sourcecode.swift; path = HomeViewController.swift; sourceTree = "<group>"; };
		BD2D01912A388755003A25D5 /* Assets.xcassets */ = {isa = PBXFileReference; lastKnownFileType = folder.assetcatalog; path = Assets.xcassets; sourceTree = "<group>"; };
		BD2D01962A388755003A25D5 /* Info.plist */ = {isa = PBXFileReference; lastKnownFileType = text.plist.xml; path = Info.plist; sourceTree = "<group>"; };
		BD2D01AD2A38886C003A25D5 /* RxBaseViewController.swift */ = {isa = PBXFileReference; lastKnownFileType = sourcecode.swift; path = RxBaseViewController.swift; sourceTree = "<group>"; };
		BD2D01AF2A38887D003A25D5 /* UIButton+Extension.swift */ = {isa = PBXFileReference; lastKnownFileType = sourcecode.swift; path = "UIButton+Extension.swift"; sourceTree = "<group>"; };
		BD2D01B12A38889E003A25D5 /* CSButton.swift */ = {isa = PBXFileReference; lastKnownFileType = sourcecode.swift; path = CSButton.swift; sourceTree = "<group>"; };
		BD2D01B32A3888AA003A25D5 /* UIColor+Extension.swift */ = {isa = PBXFileReference; lastKnownFileType = sourcecode.swift; path = "UIColor+Extension.swift"; sourceTree = "<group>"; };
		BD2D01B52A3888C5003A25D5 /* CodeBaseInitialzerProtocol.swift */ = {isa = PBXFileReference; lastKnownFileType = sourcecode.swift; path = CodeBaseInitialzerProtocol.swift; sourceTree = "<group>"; };
		BD4316332A3C967900E86271 /* SensoryTempViewController.swift */ = {isa = PBXFileReference; lastKnownFileType = sourcecode.swift; path = SensoryTempViewController.swift; sourceTree = "<group>"; };
		BD4316352A3C9DB700E86271 /* AssetsImage.swift */ = {isa = PBXFileReference; lastKnownFileType = sourcecode.swift; path = AssetsImage.swift; sourceTree = "<group>"; };
		BD4316372A3CA20900E86271 /* UIView+Extension.swift */ = {isa = PBXFileReference; lastKnownFileType = sourcecode.swift; path = "UIView+Extension.swift"; sourceTree = "<group>"; };
		BD4AC3892A655AEC00537583 /* Date+Extension.swift */ = {isa = PBXFileReference; lastKnownFileType = sourcecode.swift; path = "Date+Extension.swift"; sourceTree = "<group>"; };
		BD4AC38E2A6671B500537583 /* SeonsoryTempViewModel.swift */ = {isa = PBXFileReference; lastKnownFileType = sourcecode.swift; path = SeonsoryTempViewModel.swift; sourceTree = "<group>"; };
		BD4AC3902A66899500537583 /* UILabel+Extension.swift */ = {isa = PBXFileReference; lastKnownFileType = sourcecode.swift; path = "UILabel+Extension.swift"; sourceTree = "<group>"; };
		BD4AC3922A669B0500537583 /* SlotMachineViewModel.swift */ = {isa = PBXFileReference; lastKnownFileType = sourcecode.swift; path = SlotMachineViewModel.swift; sourceTree = "<group>"; };
		BD50A5212A4C4072005F066E /* SlotMachineViewController.swift */ = {isa = PBXFileReference; lastKnownFileType = sourcecode.swift; path = SlotMachineViewController.swift; sourceTree = "<group>"; };
		BD5169442A5A9BD600582BA9 /* SettingViewModel.swift */ = {isa = PBXFileReference; lastKnownFileType = sourcecode.swift; path = SettingViewModel.swift; sourceTree = "<group>"; };
		BD5169462A5AA39000582BA9 /* EditNicknameViewController.swift */ = {isa = PBXFileReference; lastKnownFileType = sourcecode.swift; path = EditNicknameViewController.swift; sourceTree = "<group>"; };
		BD5169482A5D6FEA00582BA9 /* UITextField+Extension.swift */ = {isa = PBXFileReference; lastKnownFileType = sourcecode.swift; path = "UITextField+Extension.swift"; sourceTree = "<group>"; };
		BD51694A2A5D763000582BA9 /* EditNicknameViewModel.swift */ = {isa = PBXFileReference; lastKnownFileType = sourcecode.swift; path = EditNicknameViewModel.swift; sourceTree = "<group>"; };
		BD51694E2A5EB43500582BA9 /* ChangeNicknameViewController.swift */ = {isa = PBXFileReference; lastKnownFileType = sourcecode.swift; path = ChangeNicknameViewController.swift; sourceTree = "<group>"; };
		BD5169502A5EB48D00582BA9 /* ChangeNicknameViewModel.swift */ = {isa = PBXFileReference; lastKnownFileType = sourcecode.swift; path = ChangeNicknameViewModel.swift; sourceTree = "<group>"; };
		BD5D168B2A612BC900435816 /* DateTimePickViewController.swift */ = {isa = PBXFileReference; lastKnownFileType = sourcecode.swift; path = DateTimePickViewController.swift; sourceTree = "<group>"; };
		BD5D168D2A612BD500435816 /* DateTimePickViewModel.swift */ = {isa = PBXFileReference; lastKnownFileType = sourcecode.swift; path = DateTimePickViewModel.swift; sourceTree = "<group>"; };
		BD5D16922A63B3AD00435816 /* CALayer+Extension.swift */ = {isa = PBXFileReference; lastKnownFileType = sourcecode.swift; path = "CALayer+Extension.swift"; sourceTree = "<group>"; };
		BD69B8F62A54337000DDCD7A /* SettingViewController.swift */ = {isa = PBXFileReference; lastKnownFileType = sourcecode.swift; path = SettingViewController.swift; sourceTree = "<group>"; };
		BD69B8F82A553A0C00DDCD7A /* CSNavigationView.swift */ = {isa = PBXFileReference; lastKnownFileType = sourcecode.swift; path = CSNavigationView.swift; sourceTree = "<group>"; };
		BD77B8272A388C9400E7D57A /* CSColor.swift */ = {isa = PBXFileReference; lastKnownFileType = sourcecode.swift; path = CSColor.swift; sourceTree = "<group>"; };
		BD77B8292A388CEF00E7D57A /* OnBoardViewController.swift */ = {isa = PBXFileReference; lastKnownFileType = sourcecode.swift; path = OnBoardViewController.swift; sourceTree = "<group>"; };
		BD77B82B2A388D2000E7D57A /* OnBoardViewModel.swift */ = {isa = PBXFileReference; lastKnownFileType = sourcecode.swift; path = OnBoardViewModel.swift; sourceTree = "<group>"; };
		BD77B82D2A388D2E00E7D57A /* HomeViewModel.swift */ = {isa = PBXFileReference; lastKnownFileType = sourcecode.swift; path = HomeViewModel.swift; sourceTree = "<group>"; };
		BDA66FE92A4075270061A1F0 /* UIImageView+Extension.swift */ = {isa = PBXFileReference; lastKnownFileType = sourcecode.swift; path = "UIImageView+Extension.swift"; sourceTree = "<group>"; };
		BDA66FEC2A444C470061A1F0 /* SelectGenderViewController.swift */ = {isa = PBXFileReference; lastKnownFileType = sourcecode.swift; path = SelectGenderViewController.swift; sourceTree = "<group>"; };
		BDA66FEE2A4459910061A1F0 /* SelectGenderViewModel.swift */ = {isa = PBXFileReference; lastKnownFileType = sourcecode.swift; path = SelectGenderViewModel.swift; sourceTree = "<group>"; };
		BDF208FE2A4EAEF2001177B2 /* CGFloat+Extension.swift */ = {isa = PBXFileReference; lastKnownFileType = sourcecode.swift; path = "CGFloat+Extension.swift"; sourceTree = "<group>"; };
		C988E18B0DE0FE436AD63212 /* Pods-Weatherbly.release.xcconfig */ = {isa = PBXFileReference; includeInIndex = 1; lastKnownFileType = text.xcconfig; name = "Pods-Weatherbly.release.xcconfig"; path = "Target Support Files/Pods-Weatherbly/Pods-Weatherbly.release.xcconfig"; sourceTree = "<group>"; };
/* End PBXFileReference section */

/* Begin PBXFrameworksBuildPhase section */
		BD2D01822A388753003A25D5 /* Frameworks */ = {
			isa = PBXFrameworksBuildPhase;
			buildActionMask = 2147483647;
			files = (
				BD4AC38D2A655CE900537583 /* Toast in Frameworks */,
				DBC6E28C3234C85CDB9D2255 /* Pods_Weatherbly.framework in Frameworks */,
				5C23DB972A65045C00F41574 /* RxSwift in Frameworks */,
				5C23DB9E2A65048200F41574 /* Moya in Frameworks */,
				5C23DBA22A65048200F41574 /* RxMoya in Frameworks */,
				5C23DBA02A65048200F41574 /* ReactiveMoya in Frameworks */,
				5C23DB8F2A65045C00F41574 /* RxCocoa in Frameworks */,
				5C23DB932A65045C00F41574 /* RxRelay in Frameworks */,
				5C23DB9C2A65048200F41574 /* CombineMoya in Frameworks */,
			);
			runOnlyForDeploymentPostprocessing = 0;
		};
/* End PBXFrameworksBuildPhase section */

/* Begin PBXGroup section */
		5C1BCA152A67D2EF00D02D84 /* Nickname */ = {
			isa = PBXGroup;
			children = (
				69FDD4C52A39E42900830927 /* NicknameViewController.swift */,
				5C1BCA162A67D2FF00D02D84 /* NicknameViewModel.swift */,
			);
			path = Nickname;
			sourceTree = "<group>";
		};
		5CC61E242A5BC1D0001435E6 /* SettingRegion */ = {
			isa = PBXGroup;
			children = (
				5CCC91552A613F010025B522 /* SettingRegionViewModel.swift */,
				5CC61E252A5BC223001435E6 /* SettingRegionViewController.swift */,
				5C4BE89C2A5E63C000FD2CEF /* RegionCollectionViewCell.swift */,
			);
			path = SettingRegion;
			sourceTree = "<group>";
		};
		5CCC91482A6107610025B522 /* Moya */ = {
			isa = PBXGroup;
			children = (
				5CCC91532A611FCE0025B522 /* NetworkManager.swift */,
				5CCC914C2A61179F0025B522 /* WBTargetType.swift */,
			);
			name = Moya;
			path = Weatherbly/Network/Moya;
			sourceTree = "<group>";
		};
		5CCC91492A6114640025B522 /* API */ = {
			isa = PBXGroup;
			children = (
				69CCF1C92A63CA3500756127 /* DataSource */,
				5CCC914E2A61195D0025B522 /* Region */,
				69CCF1CE2A63CD5500756127 /* WBErrorResponse.swift */,
				5C23DBA32A6505BF00F41574 /* KakaoErrorResponse.swift */,
				69CCF1D02A63CDC200756127 /* RemoteError.swift */,
			);
			path = API;
			sourceTree = "<group>";
		};
		5CCC914E2A61195D0025B522 /* Region */ = {
			isa = PBXGroup;
			children = (
				5CCC914A2A6114880025B522 /* RegionTarget.swift */,
				5CCC91512A61197B0025B522 /* SearchRegionEntity.swift */,
				69CCF1C72A63A01D00756127 /* RegionProvider.swift */,
			);
			path = Region;
			sourceTree = "<group>";
		};
		69CCF1C92A63CA3500756127 /* DataSource */ = {
			isa = PBXGroup;
			children = (
				69CCF1CA2A63CA5000756127 /* RegionDataSource.swift */,
			);
			path = DataSource;
			sourceTree = "<group>";
		};
		ABF78B6D4AF3C3B85A8E6131 /* Pods */ = {
			isa = PBXGroup;
			children = (
				717A5E6B1C49792CF9FD73F1 /* Pods-Weatherbly.debug.xcconfig */,
				C988E18B0DE0FE436AD63212 /* Pods-Weatherbly.release.xcconfig */,
			);
			path = Pods;
			sourceTree = "<group>";
		};
		BD2D017C2A388753003A25D5 = {
			isa = PBXGroup;
			children = (
				BD2D01872A388753003A25D5 /* Weatherbly */,
				BD2D01862A388753003A25D5 /* Products */,
				ABF78B6D4AF3C3B85A8E6131 /* Pods */,
			);
			sourceTree = "<group>";
		};
		BD2D01862A388753003A25D5 /* Products */ = {
			isa = PBXGroup;
			children = (
				BD2D01852A388753003A25D5 /* Weatherbly.app */,
			);
			name = Products;
			sourceTree = "<group>";
		};
		BD2D01872A388753003A25D5 /* Weatherbly */ = {
			isa = PBXGroup;
			children = (
				BD5D168F2A61405900435816 /* Entity */,
				BD2D019E2A3887B8003A25D5 /* Network */,
				BD2D019D2A3887AA003A25D5 /* Helper */,
				BD2D019C2A3887A3003A25D5 /* Feature */,
				BD2D01882A388753003A25D5 /* AppDelegate.swift */,
				BD2D018A2A388753003A25D5 /* SceneDelegate.swift */,
				BD2D01912A388755003A25D5 /* Assets.xcassets */,
				BD2D01962A388755003A25D5 /* Info.plist */,
			);
			path = Weatherbly;
			sourceTree = "<group>";
		};
		BD2D019C2A3887A3003A25D5 /* Feature */ = {
			isa = PBXGroup;
			children = (
				BD69B8F32A54332C00DDCD7A /* Setting */,
				BD2D01A12A3887E0003A25D5 /* OnBoard */,
				BD2D01A02A3887D5003A25D5 /* Home */,
			);
			path = Feature;
			sourceTree = "<group>";
		};
		BD2D019D2A3887AA003A25D5 /* Helper */ = {
			isa = PBXGroup;
			children = (
				BD2D01AB2A38885B003A25D5 /* Protocol */,
				BD2D01A92A388825003A25D5 /* Common */,
				BD2D01A72A388817003A25D5 /* Enum */,
			);
			path = Helper;
			sourceTree = "<group>";
		};
		BD2D019E2A3887B8003A25D5 /* Network */ = {
			isa = PBXGroup;
			children = (
				5CCC91482A6107610025B522 /* Moya */,
				5CCC91492A6114640025B522 /* API */,
			);
			path = Network;
			sourceTree = "<group>";
		};
		BD2D01A02A3887D5003A25D5 /* Home */ = {
			isa = PBXGroup;
			children = (
				BD2D01A62A38880F003A25D5 /* ViewModel */,
				BD2D01A52A388807003A25D5 /* View */,
			);
			path = Home;
			sourceTree = "<group>";
		};
		BD2D01A12A3887E0003A25D5 /* OnBoard */ = {
			isa = PBXGroup;
			children = (
				5C1BCA152A67D2EF00D02D84 /* Nickname */,
				BD4316322A3C966400E86271 /* SesoryTemperature */,
				5CC61E242A5BC1D0001435E6 /* SettingRegion */,
				BDA66FEB2A444C320061A1F0 /* SelectGenderViewController */,
				BD2D01A32A3887F3003A25D5 /* ViewModel */,
				BD2D01A22A3887EA003A25D5 /* View */,
			);
			path = OnBoard;
			sourceTree = "<group>";
		};
		BD2D01A22A3887EA003A25D5 /* View */ = {
			isa = PBXGroup;
			children = (
				BD77B8292A388CEF00E7D57A /* OnBoardViewController.swift */,
			);
			path = View;
			sourceTree = "<group>";
		};
		BD2D01A32A3887F3003A25D5 /* ViewModel */ = {
			isa = PBXGroup;
			children = (
				BD77B82B2A388D2000E7D57A /* OnBoardViewModel.swift */,
			);
			path = ViewModel;
			sourceTree = "<group>";
		};
		BD2D01A52A388807003A25D5 /* View */ = {
			isa = PBXGroup;
			children = (
				BD2D018C2A388753003A25D5 /* HomeViewController.swift */,
				5CAB60BE2A4D6A9D00CD431A /* ClosetFSPagerViewCell.swift */,
				5CAB60CE2A53F61700CD431A /* TenDaysForecastViewController.swift */,
				5CAB60D42A54FDFE00CD431A /* TenDaysForecastTableViewCell.swift */,
				5CC61E202A579D66001435E6 /* DailyForecastViewController.swift */,
				5CC61E222A57C617001435E6 /* DailyForecastTableViewCell.swift */,
			);
			path = View;
			sourceTree = "<group>";
		};
		BD2D01A62A38880F003A25D5 /* ViewModel */ = {
			isa = PBXGroup;
			children = (
				BD77B82D2A388D2E00E7D57A /* HomeViewModel.swift */,
			);
			path = ViewModel;
			sourceTree = "<group>";
		};
		BD2D01A72A388817003A25D5 /* Enum */ = {
			isa = PBXGroup;
			children = (
				BD77B8272A388C9400E7D57A /* CSColor.swift */,
				BD4316352A3C9DB700E86271 /* AssetsImage.swift */,
			);
			path = Enum;
			sourceTree = "<group>";
		};
		BD2D01A82A38881B003A25D5 /* Extension */ = {
			isa = PBXGroup;
			children = (
				BDF208FE2A4EAEF2001177B2 /* CGFloat+Extension.swift */,
				5CAB60B82A4563B300CD431A /* NSMutableAttributedString+Extension.swift */,
				BD2D01AF2A38887D003A25D5 /* UIButton+Extension.swift */,
				5CAB60C22A528C7A00CD431A /* UICollectionView+Extension.swift */,
				BD2D01B32A3888AA003A25D5 /* UIColor+Extension.swift */,
				BDA66FE92A4075270061A1F0 /* UIImageView+Extension.swift */,
				5CAB60D02A54FC5F00CD431A /* UITableView+Extension.swift */,
				5CAB60D22A54FC6900CD431A /* UITableViewCell+Extension.swift */,
				5CC61E1E2A56850F001435E6 /* DateFormatter+Extension.swift */,
				5CAB60C42A528C9700CD431A /* UICollectionViewCell+Extension.swift */,
				BD5169482A5D6FEA00582BA9 /* UITextField+Extension.swift */,
				BD4316372A3CA20900E86271 /* UIView+Extension.swift */,
				5CC61E272A5BDCCC001435E6 /* UIViewController+Extension.swift */,
				BD5D16922A63B3AD00435816 /* CALayer+Extension.swift */,
				BD4AC3892A655AEC00537583 /* Date+Extension.swift */,
				BD4AC3902A66899500537583 /* UILabel+Extension.swift */,
				5C9D02B92A68EB3900AF2DA3 /* Observable+Extension.swift */,
			);
			path = Extension;
			sourceTree = "<group>";
		};
		BD2D01A92A388825003A25D5 /* Common */ = {
			isa = PBXGroup;
			children = (
				BD2D01AC2A388860003A25D5 /* Base */,
				BD2D01A82A38881B003A25D5 /* Extension */,
				BD2D01B12A38889E003A25D5 /* CSButton.swift */,
				5C1D5A102A3C500A00E66788 /* CSLabel.swift */,
				69FDD4CB2A407FA400830927 /* CSProgressView.swift */,
				BD69B8F82A553A0C00DDCD7A /* CSNavigationView.swift */,
			);
			path = Common;
			sourceTree = "<group>";
		};
		BD2D01AB2A38885B003A25D5 /* Protocol */ = {
			isa = PBXGroup;
			children = (
				BD2D01B52A3888C5003A25D5 /* CodeBaseInitialzerProtocol.swift */,
			);
			path = Protocol;
			sourceTree = "<group>";
		};
		BD2D01AC2A388860003A25D5 /* Base */ = {
			isa = PBXGroup;
			children = (
				BD2D01AD2A38886C003A25D5 /* RxBaseViewController.swift */,
				696176B12A63E37F00B83B4C /* RxBaseViewModel.swift */,
				696176B32A63E3C000B83B4C /* BaseDisposeBag.swift */,
				696176B52A63E4A400B83B4C /* EmptyViewModel.swift */,
				5C9D02BB2A68FC0200AF2DA3 /* Dependency.swift */,
			);
			path = Base;
			sourceTree = "<group>";
		};
		BD4316322A3C966400E86271 /* SesoryTemperature */ = {
			isa = PBXGroup;
			children = (
				BDA66FF12A4AD4EF0061A1F0 /* ViewModel */,
				BDA66FF02A4AD4E50061A1F0 /* View */,
			);
			path = SesoryTemperature;
			sourceTree = "<group>";
		};
		BD5D168F2A61405900435816 /* Entity */ = {
			isa = PBXGroup;
			children = (
			);
			path = Entity;
			sourceTree = "<group>";
		};
		BD69B8F32A54332C00DDCD7A /* Setting */ = {
			isa = PBXGroup;
			children = (
				BD69B8F52A54335D00DDCD7A /* ViewModel */,
				BD69B8F42A54335800DDCD7A /* View */,
			);
			name = Setting;
			sourceTree = "<group>";
		};
		BD69B8F42A54335800DDCD7A /* View */ = {
			isa = PBXGroup;
			children = (
				BD69B8F62A54337000DDCD7A /* SettingViewController.swift */,
				BD5169462A5AA39000582BA9 /* EditNicknameViewController.swift */,
				BD51694E2A5EB43500582BA9 /* ChangeNicknameViewController.swift */,
				5C4BE89A2A5E2D1200FD2CEF /* EditRegionViewController.swift */,
			);
			name = View;
			sourceTree = "<group>";
		};
		BD69B8F52A54335D00DDCD7A /* ViewModel */ = {
			isa = PBXGroup;
			children = (
				BD5169442A5A9BD600582BA9 /* SettingViewModel.swift */,
				BD51694A2A5D763000582BA9 /* EditNicknameViewModel.swift */,
				BD5169502A5EB48D00582BA9 /* ChangeNicknameViewModel.swift */,
			);
			name = ViewModel;
			sourceTree = "<group>";
		};
		BDA66FEB2A444C320061A1F0 /* SelectGenderViewController */ = {
			isa = PBXGroup;
			children = (
				BDA66FF32A4AD5020061A1F0 /* ViewModel */,
				BDA66FF22A4AD4FC0061A1F0 /* View */,
			);
			path = SelectGenderViewController;
			sourceTree = "<group>";
		};
		BDA66FF02A4AD4E50061A1F0 /* View */ = {
			isa = PBXGroup;
			children = (
				BD4316332A3C967900E86271 /* SensoryTempViewController.swift */,
				BD50A5212A4C4072005F066E /* SlotMachineViewController.swift */,
				BD5D168B2A612BC900435816 /* DateTimePickViewController.swift */,
			);
			path = View;
			sourceTree = "<group>";
		};
		BDA66FF12A4AD4EF0061A1F0 /* ViewModel */ = {
			isa = PBXGroup;
			children = (
				BD5D168D2A612BD500435816 /* DateTimePickViewModel.swift */,
				BD4AC38E2A6671B500537583 /* SeonsoryTempViewModel.swift */,
				BD4AC3922A669B0500537583 /* SlotMachineViewModel.swift */,
			);
			path = ViewModel;
			sourceTree = "<group>";
		};
		BDA66FF22A4AD4FC0061A1F0 /* View */ = {
			isa = PBXGroup;
			children = (
				BDA66FEC2A444C470061A1F0 /* SelectGenderViewController.swift */,
			);
			path = View;
			sourceTree = "<group>";
		};
		BDA66FF32A4AD5020061A1F0 /* ViewModel */ = {
			isa = PBXGroup;
			children = (
				BDA66FEE2A4459910061A1F0 /* SelectGenderViewModel.swift */,
			);
			path = ViewModel;
			sourceTree = "<group>";
		};
/* End PBXGroup section */

/* Begin PBXNativeTarget section */
		BD2D01842A388753003A25D5 /* Weatherbly */ = {
			isa = PBXNativeTarget;
			buildConfigurationList = BD2D01992A388755003A25D5 /* Build configuration list for PBXNativeTarget "Weatherbly" */;
			buildPhases = (
				E231F173EE179B97BB10D089 /* [CP] Check Pods Manifest.lock */,
				BD2D01812A388753003A25D5 /* Sources */,
				BD2D01822A388753003A25D5 /* Frameworks */,
				BD2D01832A388753003A25D5 /* Resources */,
				98816254D615059A064A2C05 /* [CP] Embed Pods Frameworks */,
			);
			buildRules = (
			);
			dependencies = (
			);
			name = Weatherbly;
			packageProductDependencies = (
				BD4AC38C2A655CE900537583 /* Toast */,
				5C23DB8E2A65045C00F41574 /* RxCocoa */,
				5C23DB922A65045C00F41574 /* RxRelay */,
				5C23DB962A65045C00F41574 /* RxSwift */,
				5C23DB9B2A65048200F41574 /* CombineMoya */,
				5C23DB9D2A65048200F41574 /* Moya */,
				5C23DB9F2A65048200F41574 /* ReactiveMoya */,
				5C23DBA12A65048200F41574 /* RxMoya */,
			);
			productName = Weatherbly;
			productReference = BD2D01852A388753003A25D5 /* Weatherbly.app */;
			productType = "com.apple.product-type.application";
		};
/* End PBXNativeTarget section */

/* Begin PBXProject section */
		BD2D017D2A388753003A25D5 /* Project object */ = {
			isa = PBXProject;
			attributes = {
				BuildIndependentTargetsInParallel = 1;
				LastSwiftUpdateCheck = 1430;
				LastUpgradeCheck = 1430;
				TargetAttributes = {
					BD2D01842A388753003A25D5 = {
						CreatedOnToolsVersion = 14.3.1;
					};
				};
			};
			buildConfigurationList = BD2D01802A388753003A25D5 /* Build configuration list for PBXProject "Weatherbly" */;
			compatibilityVersion = "Xcode 14.0";
			developmentRegion = en;
			hasScannedForEncodings = 0;
			knownRegions = (
				en,
				Base,
			);
			mainGroup = BD2D017C2A388753003A25D5;
			packageReferences = (
				BD4AC38B2A655CE900537583 /* XCRemoteSwiftPackageReference "Toast-Swift" */,
				5C23DB8D2A65045C00F41574 /* XCRemoteSwiftPackageReference "RxSwift" */,
				5C23DB9A2A65048200F41574 /* XCRemoteSwiftPackageReference "Moya" */,
			);
			productRefGroup = BD2D01862A388753003A25D5 /* Products */;
			projectDirPath = "";
			projectRoot = "";
			targets = (
				BD2D01842A388753003A25D5 /* Weatherbly */,
			);
		};
/* End PBXProject section */

/* Begin PBXResourcesBuildPhase section */
		BD2D01832A388753003A25D5 /* Resources */ = {
			isa = PBXResourcesBuildPhase;
			buildActionMask = 2147483647;
			files = (
				BD2D01922A388755003A25D5 /* Assets.xcassets in Resources */,
			);
			runOnlyForDeploymentPostprocessing = 0;
		};
/* End PBXResourcesBuildPhase section */

/* Begin PBXShellScriptBuildPhase section */
		98816254D615059A064A2C05 /* [CP] Embed Pods Frameworks */ = {
			isa = PBXShellScriptBuildPhase;
			buildActionMask = 2147483647;
			files = (
			);
			inputFileListPaths = (
				"${PODS_ROOT}/Target Support Files/Pods-Weatherbly/Pods-Weatherbly-frameworks-${CONFIGURATION}-input-files.xcfilelist",
			);
			name = "[CP] Embed Pods Frameworks";
			outputFileListPaths = (
				"${PODS_ROOT}/Target Support Files/Pods-Weatherbly/Pods-Weatherbly-frameworks-${CONFIGURATION}-output-files.xcfilelist",
			);
			runOnlyForDeploymentPostprocessing = 0;
			shellPath = /bin/sh;
			shellScript = "\"${PODS_ROOT}/Target Support Files/Pods-Weatherbly/Pods-Weatherbly-frameworks.sh\"\n";
			showEnvVarsInLog = 0;
		};
		E231F173EE179B97BB10D089 /* [CP] Check Pods Manifest.lock */ = {
			isa = PBXShellScriptBuildPhase;
			buildActionMask = 2147483647;
			files = (
			);
			inputFileListPaths = (
			);
			inputPaths = (
				"${PODS_PODFILE_DIR_PATH}/Podfile.lock",
				"${PODS_ROOT}/Manifest.lock",
			);
			name = "[CP] Check Pods Manifest.lock";
			outputFileListPaths = (
			);
			outputPaths = (
				"$(DERIVED_FILE_DIR)/Pods-Weatherbly-checkManifestLockResult.txt",
			);
			runOnlyForDeploymentPostprocessing = 0;
			shellPath = /bin/sh;
			shellScript = "diff \"${PODS_PODFILE_DIR_PATH}/Podfile.lock\" \"${PODS_ROOT}/Manifest.lock\" > /dev/null\nif [ $? != 0 ] ; then\n    # print error to STDERR\n    echo \"error: The sandbox is not in sync with the Podfile.lock. Run 'pod install' or update your CocoaPods installation.\" >&2\n    exit 1\nfi\n# This output is used by Xcode 'outputs' to avoid re-running this script phase.\necho \"SUCCESS\" > \"${SCRIPT_OUTPUT_FILE_0}\"\n";
			showEnvVarsInLog = 0;
		};
/* End PBXShellScriptBuildPhase section */

/* Begin PBXSourcesBuildPhase section */
		BD2D01812A388753003A25D5 /* Sources */ = {
			isa = PBXSourcesBuildPhase;
			buildActionMask = 2147483647;
			files = (
				5CC61E262A5BC223001435E6 /* SettingRegionViewController.swift in Sources */,
				BD69B8F92A553A0C00DDCD7A /* CSNavigationView.swift in Sources */,
				5CAB60CF2A53F61700CD431A /* TenDaysForecastViewController.swift in Sources */,
				5C4BE89D2A5E63C000FD2CEF /* RegionCollectionViewCell.swift in Sources */,
				696176B22A63E37F00B83B4C /* RxBaseViewModel.swift in Sources */,
				BD5D168E2A612BD500435816 /* DateTimePickViewModel.swift in Sources */,
				BD4AC3932A669B0500537583 /* SlotMachineViewModel.swift in Sources */,
				5CAB60D32A54FC6A00CD431A /* UITableViewCell+Extension.swift in Sources */,
				BD2D01B42A3888AA003A25D5 /* UIColor+Extension.swift in Sources */,
				BD2D018D2A388753003A25D5 /* HomeViewController.swift in Sources */,
				5CAB60BF2A4D6A9D00CD431A /* ClosetFSPagerViewCell.swift in Sources */,
				5CCC914B2A6114880025B522 /* RegionTarget.swift in Sources */,
				5CCC91522A61197B0025B522 /* SearchRegionEntity.swift in Sources */,
				5CAB60B92A4563B300CD431A /* NSMutableAttributedString+Extension.swift in Sources */,
				5CC61E282A5BDCCC001435E6 /* UIViewController+Extension.swift in Sources */,
				5CAB60D52A54FDFE00CD431A /* TenDaysForecastTableViewCell.swift in Sources */,
				BD5169492A5D6FEA00582BA9 /* UITextField+Extension.swift in Sources */,
				BD77B82C2A388D2000E7D57A /* OnBoardViewModel.swift in Sources */,
				BDA66FEF2A4459910061A1F0 /* SelectGenderViewModel.swift in Sources */,
				5CCC91542A611FCE0025B522 /* NetworkManager.swift in Sources */,
				5C1BCA172A67D2FF00D02D84 /* NicknameViewModel.swift in Sources */,
				5CAB60C52A528C9700CD431A /* UICollectionViewCell+Extension.swift in Sources */,
				BD4316382A3CA20900E86271 /* UIView+Extension.swift in Sources */,
				BD2D01AE2A38886C003A25D5 /* RxBaseViewController.swift in Sources */,
				BD4316362A3C9DB700E86271 /* AssetsImage.swift in Sources */,
				BDA66FED2A444C470061A1F0 /* SelectGenderViewController.swift in Sources */,
				BD4316342A3C967900E86271 /* SensoryTempViewController.swift in Sources */,
				BD4AC38F2A6671B500537583 /* SeonsoryTempViewModel.swift in Sources */,
				5C4BE89B2A5E2D1200FD2CEF /* EditRegionViewController.swift in Sources */,
				BD4AC3912A66899500537583 /* UILabel+Extension.swift in Sources */,
				69FDD4CC2A407FA400830927 /* CSProgressView.swift in Sources */,
				69CCF1C82A63A01D00756127 /* RegionProvider.swift in Sources */,
				BD77B8282A388C9400E7D57A /* CSColor.swift in Sources */,
				BD51694F2A5EB43500582BA9 /* ChangeNicknameViewController.swift in Sources */,
				BD77B82A2A388CEF00E7D57A /* OnBoardViewController.swift in Sources */,
				5CC61E232A57C617001435E6 /* DailyForecastTableViewCell.swift in Sources */,
				5CC61E1F2A56850F001435E6 /* DateFormatter+Extension.swift in Sources */,
				BD2D01892A388753003A25D5 /* AppDelegate.swift in Sources */,
				BD5D168C2A612BC900435816 /* DateTimePickViewController.swift in Sources */,
				5CC61E212A579D66001435E6 /* DailyForecastViewController.swift in Sources */,
				5CAB60C32A528C7A00CD431A /* UICollectionView+Extension.swift in Sources */,
				BDA66FEA2A4075270061A1F0 /* UIImageView+Extension.swift in Sources */,
				BD5D16932A63B3AD00435816 /* CALayer+Extension.swift in Sources */,
				BD4AC38A2A655AEC00537583 /* Date+Extension.swift in Sources */,
				5CAB60D12A54FC5F00CD431A /* UITableView+Extension.swift in Sources */,
				5C23DBA42A6505BF00F41574 /* KakaoErrorResponse.swift in Sources */,
				5CCC91562A613F010025B522 /* SettingRegionViewModel.swift in Sources */,
				BD77B82E2A388D2E00E7D57A /* HomeViewModel.swift in Sources */,
				69CCF1D12A63CDC200756127 /* RemoteError.swift in Sources */,
				BD5169472A5AA39000582BA9 /* EditNicknameViewController.swift in Sources */,
				BD69B8F72A54337000DDCD7A /* SettingViewController.swift in Sources */,
				5CCC914D2A61179F0025B522 /* WBTargetType.swift in Sources */,
				69CCF1CF2A63CD5500756127 /* WBErrorResponse.swift in Sources */,
				BDF208FF2A4EAEF2001177B2 /* CGFloat+Extension.swift in Sources */,
				BDF208FF2A4EAEF2001177B2 /* CGFloat+Extension.swift in Sources */,
				696176B62A63E4A400B83B4C /* EmptyViewModel.swift in Sources */,
				BD5169512A5EB48D00582BA9 /* ChangeNicknameViewModel.swift in Sources */,
				BDF208FF2A4EAEF2001177B2 /* CGFloat+Extension.swift in Sources */,
				69FDD4C62A39E42900830927 /* NicknameViewController.swift in Sources */,
				69CCF1CB2A63CA5000756127 /* RegionDataSource.swift in Sources */,
				696176B42A63E3C000B83B4C /* BaseDisposeBag.swift in Sources */,
				BD51694B2A5D763000582BA9 /* EditNicknameViewModel.swift in Sources */,
				BD2D01B62A3888C5003A25D5 /* CodeBaseInitialzerProtocol.swift in Sources */,
				BD2D01B22A38889E003A25D5 /* CSButton.swift in Sources */,
				BD5169452A5A9BD600582BA9 /* SettingViewModel.swift in Sources */,
				5C9D02BC2A68FC0200AF2DA3 /* Dependency.swift in Sources */,
				BD2D01B02A38887D003A25D5 /* UIButton+Extension.swift in Sources */,
				5C1D5A112A3C500A00E66788 /* CSLabel.swift in Sources */,
				BD50A5222A4C4072005F066E /* SlotMachineViewController.swift in Sources */,
				5C9D02BA2A68EB3900AF2DA3 /* Observable+Extension.swift in Sources */,
				BD2D018B2A388753003A25D5 /* SceneDelegate.swift in Sources */,
			);
			runOnlyForDeploymentPostprocessing = 0;
		};
/* End PBXSourcesBuildPhase section */

/* Begin XCBuildConfiguration section */
		BD2D01972A388755003A25D5 /* Debug */ = {
			isa = XCBuildConfiguration;
			buildSettings = {
				ALWAYS_SEARCH_USER_PATHS = NO;
				CLANG_ANALYZER_NONNULL = YES;
				CLANG_ANALYZER_NUMBER_OBJECT_CONVERSION = YES_AGGRESSIVE;
				CLANG_CXX_LANGUAGE_STANDARD = "gnu++20";
				CLANG_ENABLE_MODULES = YES;
				CLANG_ENABLE_OBJC_ARC = YES;
				CLANG_ENABLE_OBJC_WEAK = YES;
				CLANG_WARN_BLOCK_CAPTURE_AUTORELEASING = YES;
				CLANG_WARN_BOOL_CONVERSION = YES;
				CLANG_WARN_COMMA = YES;
				CLANG_WARN_CONSTANT_CONVERSION = YES;
				CLANG_WARN_DEPRECATED_OBJC_IMPLEMENTATIONS = YES;
				CLANG_WARN_DIRECT_OBJC_ISA_USAGE = YES_ERROR;
				CLANG_WARN_DOCUMENTATION_COMMENTS = YES;
				CLANG_WARN_EMPTY_BODY = YES;
				CLANG_WARN_ENUM_CONVERSION = YES;
				CLANG_WARN_INFINITE_RECURSION = YES;
				CLANG_WARN_INT_CONVERSION = YES;
				CLANG_WARN_NON_LITERAL_NULL_CONVERSION = YES;
				CLANG_WARN_OBJC_IMPLICIT_RETAIN_SELF = YES;
				CLANG_WARN_OBJC_LITERAL_CONVERSION = YES;
				CLANG_WARN_OBJC_ROOT_CLASS = YES_ERROR;
				CLANG_WARN_QUOTED_INCLUDE_IN_FRAMEWORK_HEADER = YES;
				CLANG_WARN_RANGE_LOOP_ANALYSIS = YES;
				CLANG_WARN_STRICT_PROTOTYPES = YES;
				CLANG_WARN_SUSPICIOUS_MOVE = YES;
				CLANG_WARN_UNGUARDED_AVAILABILITY = YES_AGGRESSIVE;
				CLANG_WARN_UNREACHABLE_CODE = YES;
				CLANG_WARN__DUPLICATE_METHOD_MATCH = YES;
				COPY_PHASE_STRIP = NO;
				DEBUG_INFORMATION_FORMAT = dwarf;
				ENABLE_STRICT_OBJC_MSGSEND = YES;
				ENABLE_TESTABILITY = YES;
				GCC_C_LANGUAGE_STANDARD = gnu11;
				GCC_DYNAMIC_NO_PIC = NO;
				GCC_NO_COMMON_BLOCKS = YES;
				GCC_OPTIMIZATION_LEVEL = 0;
				GCC_PREPROCESSOR_DEFINITIONS = (
					"DEBUG=1",
					"$(inherited)",
				);
				GCC_WARN_64_TO_32_BIT_CONVERSION = YES;
				GCC_WARN_ABOUT_RETURN_TYPE = YES_ERROR;
				GCC_WARN_UNDECLARED_SELECTOR = YES;
				GCC_WARN_UNINITIALIZED_AUTOS = YES_AGGRESSIVE;
				GCC_WARN_UNUSED_FUNCTION = YES;
				GCC_WARN_UNUSED_VARIABLE = YES;
				IPHONEOS_DEPLOYMENT_TARGET = 16.4;
				MTL_ENABLE_DEBUG_INFO = INCLUDE_SOURCE;
				MTL_FAST_MATH = YES;
				ONLY_ACTIVE_ARCH = YES;
				SDKROOT = iphoneos;
				SWIFT_ACTIVE_COMPILATION_CONDITIONS = DEBUG;
				SWIFT_OPTIMIZATION_LEVEL = "-Onone";
			};
			name = Debug;
		};
		BD2D01982A388755003A25D5 /* Release */ = {
			isa = XCBuildConfiguration;
			buildSettings = {
				ALWAYS_SEARCH_USER_PATHS = NO;
				CLANG_ANALYZER_NONNULL = YES;
				CLANG_ANALYZER_NUMBER_OBJECT_CONVERSION = YES_AGGRESSIVE;
				CLANG_CXX_LANGUAGE_STANDARD = "gnu++20";
				CLANG_ENABLE_MODULES = YES;
				CLANG_ENABLE_OBJC_ARC = YES;
				CLANG_ENABLE_OBJC_WEAK = YES;
				CLANG_WARN_BLOCK_CAPTURE_AUTORELEASING = YES;
				CLANG_WARN_BOOL_CONVERSION = YES;
				CLANG_WARN_COMMA = YES;
				CLANG_WARN_CONSTANT_CONVERSION = YES;
				CLANG_WARN_DEPRECATED_OBJC_IMPLEMENTATIONS = YES;
				CLANG_WARN_DIRECT_OBJC_ISA_USAGE = YES_ERROR;
				CLANG_WARN_DOCUMENTATION_COMMENTS = YES;
				CLANG_WARN_EMPTY_BODY = YES;
				CLANG_WARN_ENUM_CONVERSION = YES;
				CLANG_WARN_INFINITE_RECURSION = YES;
				CLANG_WARN_INT_CONVERSION = YES;
				CLANG_WARN_NON_LITERAL_NULL_CONVERSION = YES;
				CLANG_WARN_OBJC_IMPLICIT_RETAIN_SELF = YES;
				CLANG_WARN_OBJC_LITERAL_CONVERSION = YES;
				CLANG_WARN_OBJC_ROOT_CLASS = YES_ERROR;
				CLANG_WARN_QUOTED_INCLUDE_IN_FRAMEWORK_HEADER = YES;
				CLANG_WARN_RANGE_LOOP_ANALYSIS = YES;
				CLANG_WARN_STRICT_PROTOTYPES = YES;
				CLANG_WARN_SUSPICIOUS_MOVE = YES;
				CLANG_WARN_UNGUARDED_AVAILABILITY = YES_AGGRESSIVE;
				CLANG_WARN_UNREACHABLE_CODE = YES;
				CLANG_WARN__DUPLICATE_METHOD_MATCH = YES;
				COPY_PHASE_STRIP = NO;
				DEBUG_INFORMATION_FORMAT = "dwarf-with-dsym";
				ENABLE_NS_ASSERTIONS = NO;
				ENABLE_STRICT_OBJC_MSGSEND = YES;
				GCC_C_LANGUAGE_STANDARD = gnu11;
				GCC_NO_COMMON_BLOCKS = YES;
				GCC_WARN_64_TO_32_BIT_CONVERSION = YES;
				GCC_WARN_ABOUT_RETURN_TYPE = YES_ERROR;
				GCC_WARN_UNDECLARED_SELECTOR = YES;
				GCC_WARN_UNINITIALIZED_AUTOS = YES_AGGRESSIVE;
				GCC_WARN_UNUSED_FUNCTION = YES;
				GCC_WARN_UNUSED_VARIABLE = YES;
				IPHONEOS_DEPLOYMENT_TARGET = 16.4;
				MTL_ENABLE_DEBUG_INFO = NO;
				MTL_FAST_MATH = YES;
				SDKROOT = iphoneos;
				SWIFT_COMPILATION_MODE = wholemodule;
				SWIFT_OPTIMIZATION_LEVEL = "-O";
				VALIDATE_PRODUCT = YES;
			};
			name = Release;
		};
		BD2D019A2A388755003A25D5 /* Debug */ = {
			isa = XCBuildConfiguration;
			baseConfigurationReference = 717A5E6B1C49792CF9FD73F1 /* Pods-Weatherbly.debug.xcconfig */;
			buildSettings = {
				ASSETCATALOG_COMPILER_APPICON_NAME = AppIcon;
				ASSETCATALOG_COMPILER_GLOBAL_ACCENT_COLOR_NAME = AccentColor;
				CODE_SIGN_STYLE = Automatic;
				CURRENT_PROJECT_VERSION = 1;
				DEVELOPMENT_TEAM = 4QCSG92KD9;
				GENERATE_INFOPLIST_FILE = YES;
				INFOPLIST_FILE = Weatherbly/Info.plist;
				INFOPLIST_KEY_UIApplicationSupportsIndirectInputEvents = YES;
				INFOPLIST_KEY_UILaunchStoryboardName = LaunchScreen;
				INFOPLIST_KEY_UISupportedInterfaceOrientations = UIInterfaceOrientationPortrait;
				INFOPLIST_KEY_UISupportedInterfaceOrientations_iPad = "UIInterfaceOrientationLandscapeLeft UIInterfaceOrientationLandscapeRight UIInterfaceOrientationPortrait UIInterfaceOrientationPortraitUpsideDown";
				IPHONEOS_DEPLOYMENT_TARGET = 15.0;
				LD_RUNPATH_SEARCH_PATHS = (
					"$(inherited)",
					"@executable_path/Frameworks",
				);
				MARKETING_VERSION = 1.0;
				PRODUCT_BUNDLE_IDENTIFIER = com.redThree.Weatherbly;
				PRODUCT_NAME = "$(TARGET_NAME)";
				SUPPORTED_PLATFORMS = "iphoneos iphonesimulator";
				SUPPORTS_MACCATALYST = NO;
				SUPPORTS_MAC_DESIGNED_FOR_IPHONE_IPAD = NO;
				SWIFT_EMIT_LOC_STRINGS = YES;
				SWIFT_VERSION = 5.0;
				TARGETED_DEVICE_FAMILY = 1;
			};
			name = Debug;
		};
		BD2D019B2A388755003A25D5 /* Release */ = {
			isa = XCBuildConfiguration;
			baseConfigurationReference = C988E18B0DE0FE436AD63212 /* Pods-Weatherbly.release.xcconfig */;
			buildSettings = {
				ASSETCATALOG_COMPILER_APPICON_NAME = AppIcon;
				ASSETCATALOG_COMPILER_GLOBAL_ACCENT_COLOR_NAME = AccentColor;
				CODE_SIGN_STYLE = Automatic;
				CURRENT_PROJECT_VERSION = 1;
				DEVELOPMENT_TEAM = 4QCSG92KD9;
				GENERATE_INFOPLIST_FILE = YES;
				INFOPLIST_FILE = Weatherbly/Info.plist;
				INFOPLIST_KEY_UIApplicationSupportsIndirectInputEvents = YES;
				INFOPLIST_KEY_UILaunchStoryboardName = LaunchScreen;
				INFOPLIST_KEY_UISupportedInterfaceOrientations = UIInterfaceOrientationPortrait;
				INFOPLIST_KEY_UISupportedInterfaceOrientations_iPad = "UIInterfaceOrientationLandscapeLeft UIInterfaceOrientationLandscapeRight UIInterfaceOrientationPortrait UIInterfaceOrientationPortraitUpsideDown";
				IPHONEOS_DEPLOYMENT_TARGET = 15.0;
				LD_RUNPATH_SEARCH_PATHS = (
					"$(inherited)",
					"@executable_path/Frameworks",
				);
				MARKETING_VERSION = 1.0;
				PRODUCT_BUNDLE_IDENTIFIER = com.redThree.Weatherbly;
				PRODUCT_NAME = "$(TARGET_NAME)";
				SUPPORTED_PLATFORMS = "iphoneos iphonesimulator";
				SUPPORTS_MACCATALYST = NO;
				SUPPORTS_MAC_DESIGNED_FOR_IPHONE_IPAD = NO;
				SWIFT_EMIT_LOC_STRINGS = YES;
				SWIFT_VERSION = 5.0;
				TARGETED_DEVICE_FAMILY = 1;
			};
			name = Release;
		};
/* End XCBuildConfiguration section */

/* Begin XCConfigurationList section */
		BD2D01802A388753003A25D5 /* Build configuration list for PBXProject "Weatherbly" */ = {
			isa = XCConfigurationList;
			buildConfigurations = (
				BD2D01972A388755003A25D5 /* Debug */,
				BD2D01982A388755003A25D5 /* Release */,
			);
			defaultConfigurationIsVisible = 0;
			defaultConfigurationName = Release;
		};
		BD2D01992A388755003A25D5 /* Build configuration list for PBXNativeTarget "Weatherbly" */ = {
			isa = XCConfigurationList;
			buildConfigurations = (
				BD2D019A2A388755003A25D5 /* Debug */,
				BD2D019B2A388755003A25D5 /* Release */,
			);
			defaultConfigurationIsVisible = 0;
			defaultConfigurationName = Release;
		};
/* End XCConfigurationList section */

/* Begin XCRemoteSwiftPackageReference section */
		BD4AC38B2A655CE900537583 /* XCRemoteSwiftPackageReference "Toast-Swift" */ = {
			isa = XCRemoteSwiftPackageReference;
			repositoryURL = "https://github.com/scalessec/Toast-Swift.git";
			requirement = {
				kind = upToNextMajorVersion;
				minimumVersion = 5.0.0;
            };
        };
		5C23DB8D2A65045C00F41574 /* XCRemoteSwiftPackageReference "RxSwift" */ = {
			isa = XCRemoteSwiftPackageReference;
			repositoryURL = "https://github.com/ReactiveX/RxSwift";
			requirement = {
				kind = upToNextMajorVersion;
				minimumVersion = 6.0.0;
			};
		};
		5C23DB9A2A65048200F41574 /* XCRemoteSwiftPackageReference "Moya" */ = {
			isa = XCRemoteSwiftPackageReference;
			repositoryURL = "https://github.com/Moya/Moya";
			requirement = {
				kind = upToNextMajorVersion;
				minimumVersion = 15.0.0;
			};
		};
/* End XCRemoteSwiftPackageReference section */

/* Begin XCSwiftPackageProductDependency section */
		BD4AC38C2A655CE900537583 /* Toast */ = {
			isa = XCSwiftPackageProductDependency;
			package = BD4AC38B2A655CE900537583 /* XCRemoteSwiftPackageReference "Toast-Swift" */;
			productName = Toast;
        };
		5C23DB8E2A65045C00F41574 /* RxCocoa */ = {
			isa = XCSwiftPackageProductDependency;
			package = 5C23DB8D2A65045C00F41574 /* XCRemoteSwiftPackageReference "RxSwift" */;
			productName = RxCocoa;
		};
		5C23DB922A65045C00F41574 /* RxRelay */ = {
			isa = XCSwiftPackageProductDependency;
			package = 5C23DB8D2A65045C00F41574 /* XCRemoteSwiftPackageReference "RxSwift" */;
			productName = RxRelay;
		};
		5C23DB962A65045C00F41574 /* RxSwift */ = {
			isa = XCSwiftPackageProductDependency;
			package = 5C23DB8D2A65045C00F41574 /* XCRemoteSwiftPackageReference "RxSwift" */;
			productName = RxSwift;
		};
		5C23DB9B2A65048200F41574 /* CombineMoya */ = {
			isa = XCSwiftPackageProductDependency;
			package = 5C23DB9A2A65048200F41574 /* XCRemoteSwiftPackageReference "Moya" */;
			productName = CombineMoya;
		};
		5C23DB9D2A65048200F41574 /* Moya */ = {
			isa = XCSwiftPackageProductDependency;
			package = 5C23DB9A2A65048200F41574 /* XCRemoteSwiftPackageReference "Moya" */;
			productName = Moya;
		};
		5C23DB9F2A65048200F41574 /* ReactiveMoya */ = {
			isa = XCSwiftPackageProductDependency;
			package = 5C23DB9A2A65048200F41574 /* XCRemoteSwiftPackageReference "Moya" */;
			productName = ReactiveMoya;
		};
		5C23DBA12A65048200F41574 /* RxMoya */ = {
			isa = XCSwiftPackageProductDependency;
			package = 5C23DB9A2A65048200F41574 /* XCRemoteSwiftPackageReference "Moya" */;
			productName = RxMoya;
		};
/* End XCSwiftPackageProductDependency section */
	};
	rootObject = BD2D017D2A388753003A25D5 /* Project object */;
}
