// !$*UTF8*$!
{
	archiveVersion = 1;
	classes = {
	};
	objectVersion = 56;
	objects = {

/* Begin PBXBuildFile section */
		5C1D5A112A3C500A00E66788 /* CSLabel.swift in Sources */ = {isa = PBXBuildFile; fileRef = 5C1D5A102A3C500A00E66788 /* CSLabel.swift */; };
		69FDD4C62A39E42900830927 /* NicknameViewController.swift in Sources */ = {isa = PBXBuildFile; fileRef = 69FDD4C52A39E42900830927 /* NicknameViewController.swift */; };
		69FDD4CC2A407FA400830927 /* CSProgressView.swift in Sources */ = {isa = PBXBuildFile; fileRef = 69FDD4CB2A407FA400830927 /* CSProgressView.swift */; };
		8298049901CBCE9CE53795A2 /* Pods_Weatherbly.framework in Frameworks */ = {isa = PBXBuildFile; fileRef = 08C67106F372D59E472B2488 /* Pods_Weatherbly.framework */; };
		BD2D01892A388753003A25D5 /* AppDelegate.swift in Sources */ = {isa = PBXBuildFile; fileRef = BD2D01882A388753003A25D5 /* AppDelegate.swift */; };
		BD2D018B2A388753003A25D5 /* SceneDelegate.swift in Sources */ = {isa = PBXBuildFile; fileRef = BD2D018A2A388753003A25D5 /* SceneDelegate.swift */; };
		BD2D018D2A388753003A25D5 /* HomeViewController.swift in Sources */ = {isa = PBXBuildFile; fileRef = BD2D018C2A388753003A25D5 /* HomeViewController.swift */; };
		BD2D01922A388755003A25D5 /* Assets.xcassets in Resources */ = {isa = PBXBuildFile; fileRef = BD2D01912A388755003A25D5 /* Assets.xcassets */; };
		BD2D01AE2A38886C003A25D5 /* BaseViewController.swift in Sources */ = {isa = PBXBuildFile; fileRef = BD2D01AD2A38886C003A25D5 /* BaseViewController.swift */; };
		BD2D01B02A38887D003A25D5 /* UIButton+Extension.swift in Sources */ = {isa = PBXBuildFile; fileRef = BD2D01AF2A38887D003A25D5 /* UIButton+Extension.swift */; };
		BD2D01B22A38889E003A25D5 /* CSButton.swift in Sources */ = {isa = PBXBuildFile; fileRef = BD2D01B12A38889E003A25D5 /* CSButton.swift */; };
		BD2D01B42A3888AA003A25D5 /* UIColor+Extension.swift in Sources */ = {isa = PBXBuildFile; fileRef = BD2D01B32A3888AA003A25D5 /* UIColor+Extension.swift */; };
		BD2D01B62A3888C5003A25D5 /* CodeBaseInitialzerProtocol.swift in Sources */ = {isa = PBXBuildFile; fileRef = BD2D01B52A3888C5003A25D5 /* CodeBaseInitialzerProtocol.swift */; };
		BD4316342A3C967900E86271 /* SensoryTempViewController.swift in Sources */ = {isa = PBXBuildFile; fileRef = BD4316332A3C967900E86271 /* SensoryTempViewController.swift */; };
		BD4316362A3C9DB700E86271 /* AssetsImage.swift in Sources */ = {isa = PBXBuildFile; fileRef = BD4316352A3C9DB700E86271 /* AssetsImage.swift */; };
		BD4316382A3CA20900E86271 /* UIView+Extension.swift in Sources */ = {isa = PBXBuildFile; fileRef = BD4316372A3CA20900E86271 /* UIView+Extension.swift */; };
		BD77B8282A388C9400E7D57A /* CSColor.swift in Sources */ = {isa = PBXBuildFile; fileRef = BD77B8272A388C9400E7D57A /* CSColor.swift */; };
		BD77B82A2A388CEF00E7D57A /* OnBoardViewController.swift in Sources */ = {isa = PBXBuildFile; fileRef = BD77B8292A388CEF00E7D57A /* OnBoardViewController.swift */; };
		BD77B82C2A388D2000E7D57A /* OnBoardViewModel.swift in Sources */ = {isa = PBXBuildFile; fileRef = BD77B82B2A388D2000E7D57A /* OnBoardViewModel.swift */; };
		BD77B82E2A388D2E00E7D57A /* HomeViewModel.swift in Sources */ = {isa = PBXBuildFile; fileRef = BD77B82D2A388D2E00E7D57A /* HomeViewModel.swift */; };
		BDA66FEA2A4075270061A1F0 /* UIImageView+Extension.swift in Sources */ = {isa = PBXBuildFile; fileRef = BDA66FE92A4075270061A1F0 /* UIImageView+Extension.swift */; };
		BDA66FED2A444C470061A1F0 /* SelectGenderViewController.swift in Sources */ = {isa = PBXBuildFile; fileRef = BDA66FEC2A444C470061A1F0 /* SelectGenderViewController.swift */; };
		BDA66FEF2A4459910061A1F0 /* SelectGenderViewModel.swift in Sources */ = {isa = PBXBuildFile; fileRef = BDA66FEE2A4459910061A1F0 /* SelectGenderViewModel.swift */; };
/* End PBXBuildFile section */

/* Begin PBXFileReference section */
		08C67106F372D59E472B2488 /* Pods_Weatherbly.framework */ = {isa = PBXFileReference; explicitFileType = wrapper.framework; includeInIndex = 0; path = Pods_Weatherbly.framework; sourceTree = BUILT_PRODUCTS_DIR; };
		5C1D5A102A3C500A00E66788 /* CSLabel.swift */ = {isa = PBXFileReference; lastKnownFileType = sourcecode.swift; path = CSLabel.swift; sourceTree = "<group>"; };
		69FDD4C52A39E42900830927 /* NicknameViewController.swift */ = {isa = PBXFileReference; lastKnownFileType = sourcecode.swift; path = NicknameViewController.swift; sourceTree = "<group>"; };
		69FDD4CB2A407FA400830927 /* CSProgressView.swift */ = {isa = PBXFileReference; lastKnownFileType = sourcecode.swift; path = CSProgressView.swift; sourceTree = "<group>"; };
		776681DE98597BF2B06B332B /* Pods-Weatherbly.debug.xcconfig */ = {isa = PBXFileReference; includeInIndex = 1; lastKnownFileType = text.xcconfig; name = "Pods-Weatherbly.debug.xcconfig"; path = "Target Support Files/Pods-Weatherbly/Pods-Weatherbly.debug.xcconfig"; sourceTree = "<group>"; };
		AD27F799DFB4717970A2F3B0 /* Pods-Weatherbly.release.xcconfig */ = {isa = PBXFileReference; includeInIndex = 1; lastKnownFileType = text.xcconfig; name = "Pods-Weatherbly.release.xcconfig"; path = "Target Support Files/Pods-Weatherbly/Pods-Weatherbly.release.xcconfig"; sourceTree = "<group>"; };
		BD2D01852A388753003A25D5 /* Weatherbly.app */ = {isa = PBXFileReference; explicitFileType = wrapper.application; includeInIndex = 0; path = Weatherbly.app; sourceTree = BUILT_PRODUCTS_DIR; };
		BD2D01882A388753003A25D5 /* AppDelegate.swift */ = {isa = PBXFileReference; lastKnownFileType = sourcecode.swift; path = AppDelegate.swift; sourceTree = "<group>"; };
		BD2D018A2A388753003A25D5 /* SceneDelegate.swift */ = {isa = PBXFileReference; lastKnownFileType = sourcecode.swift; path = SceneDelegate.swift; sourceTree = "<group>"; };
		BD2D018C2A388753003A25D5 /* HomeViewController.swift */ = {isa = PBXFileReference; lastKnownFileType = sourcecode.swift; path = HomeViewController.swift; sourceTree = "<group>"; };
		BD2D01912A388755003A25D5 /* Assets.xcassets */ = {isa = PBXFileReference; lastKnownFileType = folder.assetcatalog; path = Assets.xcassets; sourceTree = "<group>"; };
		BD2D01962A388755003A25D5 /* Info.plist */ = {isa = PBXFileReference; lastKnownFileType = text.plist.xml; path = Info.plist; sourceTree = "<group>"; };
		BD2D01AD2A38886C003A25D5 /* BaseViewController.swift */ = {isa = PBXFileReference; lastKnownFileType = sourcecode.swift; path = BaseViewController.swift; sourceTree = "<group>"; };
		BD2D01AF2A38887D003A25D5 /* UIButton+Extension.swift */ = {isa = PBXFileReference; lastKnownFileType = sourcecode.swift; path = "UIButton+Extension.swift"; sourceTree = "<group>"; };
		BD2D01B12A38889E003A25D5 /* CSButton.swift */ = {isa = PBXFileReference; lastKnownFileType = sourcecode.swift; path = CSButton.swift; sourceTree = "<group>"; };
		BD2D01B32A3888AA003A25D5 /* UIColor+Extension.swift */ = {isa = PBXFileReference; lastKnownFileType = sourcecode.swift; path = "UIColor+Extension.swift"; sourceTree = "<group>"; };
		BD2D01B52A3888C5003A25D5 /* CodeBaseInitialzerProtocol.swift */ = {isa = PBXFileReference; lastKnownFileType = sourcecode.swift; path = CodeBaseInitialzerProtocol.swift; sourceTree = "<group>"; };
		BD4316332A3C967900E86271 /* SensoryTempViewController.swift */ = {isa = PBXFileReference; lastKnownFileType = sourcecode.swift; path = SensoryTempViewController.swift; sourceTree = "<group>"; };
		BD4316352A3C9DB700E86271 /* AssetsImage.swift */ = {isa = PBXFileReference; lastKnownFileType = sourcecode.swift; path = AssetsImage.swift; sourceTree = "<group>"; };
		BD4316372A3CA20900E86271 /* UIView+Extension.swift */ = {isa = PBXFileReference; lastKnownFileType = sourcecode.swift; path = "UIView+Extension.swift"; sourceTree = "<group>"; };
		BD77B8272A388C9400E7D57A /* CSColor.swift */ = {isa = PBXFileReference; lastKnownFileType = sourcecode.swift; path = CSColor.swift; sourceTree = "<group>"; };
		BD77B8292A388CEF00E7D57A /* OnBoardViewController.swift */ = {isa = PBXFileReference; lastKnownFileType = sourcecode.swift; path = OnBoardViewController.swift; sourceTree = "<group>"; };
		BD77B82B2A388D2000E7D57A /* OnBoardViewModel.swift */ = {isa = PBXFileReference; lastKnownFileType = sourcecode.swift; path = OnBoardViewModel.swift; sourceTree = "<group>"; };
		BD77B82D2A388D2E00E7D57A /* HomeViewModel.swift */ = {isa = PBXFileReference; lastKnownFileType = sourcecode.swift; path = HomeViewModel.swift; sourceTree = "<group>"; };
		BDA66FE92A4075270061A1F0 /* UIImageView+Extension.swift */ = {isa = PBXFileReference; lastKnownFileType = sourcecode.swift; path = "UIImageView+Extension.swift"; sourceTree = "<group>"; };
		BDA66FEC2A444C470061A1F0 /* SelectGenderViewController.swift */ = {isa = PBXFileReference; lastKnownFileType = sourcecode.swift; path = SelectGenderViewController.swift; sourceTree = "<group>"; };
		BDA66FEE2A4459910061A1F0 /* SelectGenderViewModel.swift */ = {isa = PBXFileReference; lastKnownFileType = sourcecode.swift; path = SelectGenderViewModel.swift; sourceTree = "<group>"; };
/* End PBXFileReference section */

/* Begin PBXFrameworksBuildPhase section */
		BD2D01822A388753003A25D5 /* Frameworks */ = {
			isa = PBXFrameworksBuildPhase;
			buildActionMask = 2147483647;
			files = (
				8298049901CBCE9CE53795A2 /* Pods_Weatherbly.framework in Frameworks */,
			);
			runOnlyForDeploymentPostprocessing = 0;
		};
/* End PBXFrameworksBuildPhase section */

/* Begin PBXGroup section */
		2837C67AABFF938BD1DD8F6D /* Frameworks */ = {
			isa = PBXGroup;
			children = (
				08C67106F372D59E472B2488 /* Pods_Weatherbly.framework */,
			);
			name = Frameworks;
			sourceTree = "<group>";
		};
		ABF78B6D4AF3C3B85A8E6131 /* Pods */ = {
			isa = PBXGroup;
			children = (
				776681DE98597BF2B06B332B /* Pods-Weatherbly.debug.xcconfig */,
				AD27F799DFB4717970A2F3B0 /* Pods-Weatherbly.release.xcconfig */,
			);
			path = Pods;
			sourceTree = "<group>";
		};
		BD2D017C2A388753003A25D5 = {
			isa = PBXGroup;
			children = (
				BD2D01872A388753003A25D5 /* Weatherbly */,
				BD2D01862A388753003A25D5 /* Products */,
				ABF78B6D4AF3C3B85A8E6131 /* Pods */,
				2837C67AABFF938BD1DD8F6D /* Frameworks */,
			);
			sourceTree = "<group>";
		};
		BD2D01862A388753003A25D5 /* Products */ = {
			isa = PBXGroup;
			children = (
				BD2D01852A388753003A25D5 /* Weatherbly.app */,
			);
			name = Products;
			sourceTree = "<group>";
		};
		BD2D01872A388753003A25D5 /* Weatherbly */ = {
			isa = PBXGroup;
			children = (
				BD2D019E2A3887B8003A25D5 /* Network */,
				BD2D019D2A3887AA003A25D5 /* Helper */,
				BD2D019C2A3887A3003A25D5 /* Feature */,
				BD2D01882A388753003A25D5 /* AppDelegate.swift */,
				BD2D018A2A388753003A25D5 /* SceneDelegate.swift */,
				BD2D01912A388755003A25D5 /* Assets.xcassets */,
				BD2D01962A388755003A25D5 /* Info.plist */,
			);
			path = Weatherbly;
			sourceTree = "<group>";
		};
		BD2D019C2A3887A3003A25D5 /* Feature */ = {
			isa = PBXGroup;
			children = (
				BD2D01A12A3887E0003A25D5 /* OnBoard */,
				BD2D01A02A3887D5003A25D5 /* Home */,
			);
			path = Feature;
			sourceTree = "<group>";
		};
		BD2D019D2A3887AA003A25D5 /* Helper */ = {
			isa = PBXGroup;
			children = (
				BD2D01AB2A38885B003A25D5 /* Protocol */,
				BD2D01A92A388825003A25D5 /* Common */,
				BD2D01A72A388817003A25D5 /* Enum */,
			);
			path = Helper;
			sourceTree = "<group>";
		};
		BD2D019E2A3887B8003A25D5 /* Network */ = {
			isa = PBXGroup;
			children = (
			);
			path = Network;
			sourceTree = "<group>";
		};
		BD2D01A02A3887D5003A25D5 /* Home */ = {
			isa = PBXGroup;
			children = (
				BD2D01A62A38880F003A25D5 /* ViewModel */,
				BD2D01A52A388807003A25D5 /* View */,
			);
			path = Home;
			sourceTree = "<group>";
		};
		BD2D01A12A3887E0003A25D5 /* OnBoard */ = {
			isa = PBXGroup;
			children = (
				BDA66FEB2A444C320061A1F0 /* SelectGenderViewController */,
				BD4316322A3C966400E86271 /* SesoryTemperature */,
				BD2D01A32A3887F3003A25D5 /* ViewModel */,
				BD2D01A22A3887EA003A25D5 /* View */,
			);
			path = OnBoard;
			sourceTree = "<group>";
		};
		BD2D01A22A3887EA003A25D5 /* View */ = {
			isa = PBXGroup;
			children = (
				BD77B8292A388CEF00E7D57A /* OnBoardViewController.swift */,
				69FDD4C52A39E42900830927 /* NicknameViewController.swift */,
			);
			path = View;
			sourceTree = "<group>";
		};
		BD2D01A32A3887F3003A25D5 /* ViewModel */ = {
			isa = PBXGroup;
			children = (
				BD77B82B2A388D2000E7D57A /* OnBoardViewModel.swift */,
			);
			path = ViewModel;
			sourceTree = "<group>";
		};
		BD2D01A52A388807003A25D5 /* View */ = {
			isa = PBXGroup;
			children = (
				BD2D018C2A388753003A25D5 /* HomeViewController.swift */,
			);
			path = View;
			sourceTree = "<group>";
		};
		BD2D01A62A38880F003A25D5 /* ViewModel */ = {
			isa = PBXGroup;
			children = (
				BD77B82D2A388D2E00E7D57A /* HomeViewModel.swift */,
			);
			path = ViewModel;
			sourceTree = "<group>";
		};
		BD2D01A72A388817003A25D5 /* Enum */ = {
			isa = PBXGroup;
			children = (
				BD77B8272A388C9400E7D57A /* CSColor.swift */,
				BD4316352A3C9DB700E86271 /* AssetsImage.swift */,
			);
			path = Enum;
			sourceTree = "<group>";
		};
		BD2D01A82A38881B003A25D5 /* Extension */ = {
			isa = PBXGroup;
			children = (
				BD2D01AF2A38887D003A25D5 /* UIButton+Extension.swift */,
				BD2D01B32A3888AA003A25D5 /* UIColor+Extension.swift */,
				BD4316372A3CA20900E86271 /* UIView+Extension.swift */,
				BDA66FE92A4075270061A1F0 /* UIImageView+Extension.swift */,
			);
			path = Extension;
			sourceTree = "<group>";
		};
		BD2D01A92A388825003A25D5 /* Common */ = {
			isa = PBXGroup;
			children = (
				BD2D01AC2A388860003A25D5 /* Base */,
				BD2D01A82A38881B003A25D5 /* Extension */,
				BD2D01B12A38889E003A25D5 /* CSButton.swift */,
				5C1D5A102A3C500A00E66788 /* CSLabel.swift */,
				69FDD4CB2A407FA400830927 /* CSProgressView.swift */,
			);
			path = Common;
			sourceTree = "<group>";
		};
		BD2D01AB2A38885B003A25D5 /* Protocol */ = {
			isa = PBXGroup;
			children = (
				BD2D01B52A3888C5003A25D5 /* CodeBaseInitialzerProtocol.swift */,
			);
			path = Protocol;
			sourceTree = "<group>";
		};
		BD2D01AC2A388860003A25D5 /* Base */ = {
			isa = PBXGroup;
			children = (
				BD2D01AD2A38886C003A25D5 /* BaseViewController.swift */,
			);
			path = Base;
			sourceTree = "<group>";
		};
		BD4316322A3C966400E86271 /* SesoryTemperature */ = {
			isa = PBXGroup;
			children = (
				BD4316332A3C967900E86271 /* SensoryTempViewController.swift */,
			);
			path = SesoryTemperature;
			sourceTree = "<group>";
		};
		BDA66FEB2A444C320061A1F0 /* SelectGenderViewController */ = {
			isa = PBXGroup;
			children = (
				BDA66FEC2A444C470061A1F0 /* SelectGenderViewController.swift */,
				BDA66FEE2A4459910061A1F0 /* SelectGenderViewModel.swift */,
			);
			path = SelectGenderViewController;
			sourceTree = "<group>";
		};
/* End PBXGroup section */

/* Begin PBXNativeTarget section */
		BD2D01842A388753003A25D5 /* Weatherbly */ = {
			isa = PBXNativeTarget;
			buildConfigurationList = BD2D01992A388755003A25D5 /* Build configuration list for PBXNativeTarget "Weatherbly" */;
			buildPhases = (
				DF7DAA63AD99F2FC14AC590B /* [CP] Check Pods Manifest.lock */,
				BD2D01812A388753003A25D5 /* Sources */,
				BD2D01822A388753003A25D5 /* Frameworks */,
				BD2D01832A388753003A25D5 /* Resources */,
				69AAC42FCC6F4307FFB9DC75 /* [CP] Embed Pods Frameworks */,
			);
			buildRules = (
			);
			dependencies = (
			);
			name = Weatherbly;
			productName = Weatherbly;
			productReference = BD2D01852A388753003A25D5 /* Weatherbly.app */;
			productType = "com.apple.product-type.application";
		};
/* End PBXNativeTarget section */

/* Begin PBXProject section */
		BD2D017D2A388753003A25D5 /* Project object */ = {
			isa = PBXProject;
			attributes = {
				BuildIndependentTargetsInParallel = 1;
				LastSwiftUpdateCheck = 1430;
				LastUpgradeCheck = 1430;
				TargetAttributes = {
					BD2D01842A388753003A25D5 = {
						CreatedOnToolsVersion = 14.3.1;
					};
				};
			};
			buildConfigurationList = BD2D01802A388753003A25D5 /* Build configuration list for PBXProject "Weatherbly" */;
			compatibilityVersion = "Xcode 14.0";
			developmentRegion = en;
			hasScannedForEncodings = 0;
			knownRegions = (
				en,
				Base,
			);
			mainGroup = BD2D017C2A388753003A25D5;
			productRefGroup = BD2D01862A388753003A25D5 /* Products */;
			projectDirPath = "";
			projectRoot = "";
			targets = (
				BD2D01842A388753003A25D5 /* Weatherbly */,
			);
		};
/* End PBXProject section */

/* Begin PBXResourcesBuildPhase section */
		BD2D01832A388753003A25D5 /* Resources */ = {
			isa = PBXResourcesBuildPhase;
			buildActionMask = 2147483647;
			files = (
				BD2D01922A388755003A25D5 /* Assets.xcassets in Resources */,
			);
			runOnlyForDeploymentPostprocessing = 0;
		};
/* End PBXResourcesBuildPhase section */

/* Begin PBXShellScriptBuildPhase section */
		69AAC42FCC6F4307FFB9DC75 /* [CP] Embed Pods Frameworks */ = {
			isa = PBXShellScriptBuildPhase;
			buildActionMask = 2147483647;
			files = (
			);
			inputFileListPaths = (
				"${PODS_ROOT}/Target Support Files/Pods-Weatherbly/Pods-Weatherbly-frameworks-${CONFIGURATION}-input-files.xcfilelist",
			);
			name = "[CP] Embed Pods Frameworks";
			outputFileListPaths = (
				"${PODS_ROOT}/Target Support Files/Pods-Weatherbly/Pods-Weatherbly-frameworks-${CONFIGURATION}-output-files.xcfilelist",
			);
			runOnlyForDeploymentPostprocessing = 0;
			shellPath = /bin/sh;
			shellScript = "\"${PODS_ROOT}/Target Support Files/Pods-Weatherbly/Pods-Weatherbly-frameworks.sh\"\n";
			showEnvVarsInLog = 0;
		};
		DF7DAA63AD99F2FC14AC590B /* [CP] Check Pods Manifest.lock */ = {
			isa = PBXShellScriptBuildPhase;
			buildActionMask = 2147483647;
			files = (
			);
			inputFileListPaths = (
			);
			inputPaths = (
				"${PODS_PODFILE_DIR_PATH}/Podfile.lock",
				"${PODS_ROOT}/Manifest.lock",
			);
			name = "[CP] Check Pods Manifest.lock";
			outputFileListPaths = (
			);
			outputPaths = (
				"$(DERIVED_FILE_DIR)/Pods-Weatherbly-checkManifestLockResult.txt",
			);
			runOnlyForDeploymentPostprocessing = 0;
			shellPath = /bin/sh;
			shellScript = "diff \"${PODS_PODFILE_DIR_PATH}/Podfile.lock\" \"${PODS_ROOT}/Manifest.lock\" > /dev/null\nif [ $? != 0 ] ; then\n    # print error to STDERR\n    echo \"error: The sandbox is not in sync with the Podfile.lock. Run 'pod install' or update your CocoaPods installation.\" >&2\n    exit 1\nfi\n# This output is used by Xcode 'outputs' to avoid re-running this script phase.\necho \"SUCCESS\" > \"${SCRIPT_OUTPUT_FILE_0}\"\n";
			showEnvVarsInLog = 0;
		};
/* End PBXShellScriptBuildPhase section */

/* Begin PBXSourcesBuildPhase section */
		BD2D01812A388753003A25D5 /* Sources */ = {
			isa = PBXSourcesBuildPhase;
			buildActionMask = 2147483647;
			files = (
				BD2D01B42A3888AA003A25D5 /* UIColor+Extension.swift in Sources */,
				BD2D018D2A388753003A25D5 /* HomeViewController.swift in Sources */,
				BD77B82C2A388D2000E7D57A /* OnBoardViewModel.swift in Sources */,
				BDA66FEF2A4459910061A1F0 /* SelectGenderViewModel.swift in Sources */,
				BD4316382A3CA20900E86271 /* UIView+Extension.swift in Sources */,
				BD2D01AE2A38886C003A25D5 /* BaseViewController.swift in Sources */,
				BD4316362A3C9DB700E86271 /* AssetsImage.swift in Sources */,
				BDA66FED2A444C470061A1F0 /* SelectGenderViewController.swift in Sources */,
				BD4316342A3C967900E86271 /* SensoryTempViewController.swift in Sources */,
				69FDD4CC2A407FA400830927 /* CSProgressView.swift in Sources */,
				BD77B8282A388C9400E7D57A /* CSColor.swift in Sources */,
				BD77B82A2A388CEF00E7D57A /* OnBoardViewController.swift in Sources */,
				BD2D01892A388753003A25D5 /* AppDelegate.swift in Sources */,
				BDA66FEA2A4075270061A1F0 /* UIImageView+Extension.swift in Sources */,
				BD77B82E2A388D2E00E7D57A /* HomeViewModel.swift in Sources */,
				69FDD4C62A39E42900830927 /* NicknameViewController.swift in Sources */,
				BD2D01B62A3888C5003A25D5 /* CodeBaseInitialzerProtocol.swift in Sources */,
				BD2D01B22A38889E003A25D5 /* CSButton.swift in Sources */,
				BD2D01B02A38887D003A25D5 /* UIButton+Extension.swift in Sources */,
				5C1D5A112A3C500A00E66788 /* CSLabel.swift in Sources */,
				BD2D018B2A388753003A25D5 /* SceneDelegate.swift in Sources */,
			);
			runOnlyForDeploymentPostprocessing = 0;
		};
/* End PBXSourcesBuildPhase section */

/* Begin XCBuildConfiguration section */
		BD2D01972A388755003A25D5 /* Debug */ = {
			isa = XCBuildConfiguration;
			buildSettings = {
				ALWAYS_SEARCH_USER_PATHS = NO;
				CLANG_ANALYZER_NONNULL = YES;
				CLANG_ANALYZER_NUMBER_OBJECT_CONVERSION = YES_AGGRESSIVE;
				CLANG_CXX_LANGUAGE_STANDARD = "gnu++20";
				CLANG_ENABLE_MODULES = YES;
				CLANG_ENABLE_OBJC_ARC = YES;
				CLANG_ENABLE_OBJC_WEAK = YES;
				CLANG_WARN_BLOCK_CAPTURE_AUTORELEASING = YES;
				CLANG_WARN_BOOL_CONVERSION = YES;
				CLANG_WARN_COMMA = YES;
				CLANG_WARN_CONSTANT_CONVERSION = YES;
				CLANG_WARN_DEPRECATED_OBJC_IMPLEMENTATIONS = YES;
				CLANG_WARN_DIRECT_OBJC_ISA_USAGE = YES_ERROR;
				CLANG_WARN_DOCUMENTATION_COMMENTS = YES;
				CLANG_WARN_EMPTY_BODY = YES;
				CLANG_WARN_ENUM_CONVERSION = YES;
				CLANG_WARN_INFINITE_RECURSION = YES;
				CLANG_WARN_INT_CONVERSION = YES;
				CLANG_WARN_NON_LITERAL_NULL_CONVERSION = YES;
				CLANG_WARN_OBJC_IMPLICIT_RETAIN_SELF = YES;
				CLANG_WARN_OBJC_LITERAL_CONVERSION = YES;
				CLANG_WARN_OBJC_ROOT_CLASS = YES_ERROR;
				CLANG_WARN_QUOTED_INCLUDE_IN_FRAMEWORK_HEADER = YES;
				CLANG_WARN_RANGE_LOOP_ANALYSIS = YES;
				CLANG_WARN_STRICT_PROTOTYPES = YES;
				CLANG_WARN_SUSPICIOUS_MOVE = YES;
				CLANG_WARN_UNGUARDED_AVAILABILITY = YES_AGGRESSIVE;
				CLANG_WARN_UNREACHABLE_CODE = YES;
				CLANG_WARN__DUPLICATE_METHOD_MATCH = YES;
				COPY_PHASE_STRIP = NO;
				DEBUG_INFORMATION_FORMAT = dwarf;
				ENABLE_STRICT_OBJC_MSGSEND = YES;
				ENABLE_TESTABILITY = YES;
				GCC_C_LANGUAGE_STANDARD = gnu11;
				GCC_DYNAMIC_NO_PIC = NO;
				GCC_NO_COMMON_BLOCKS = YES;
				GCC_OPTIMIZATION_LEVEL = 0;
				GCC_PREPROCESSOR_DEFINITIONS = (
					"DEBUG=1",
					"$(inherited)",
				);
				GCC_WARN_64_TO_32_BIT_CONVERSION = YES;
				GCC_WARN_ABOUT_RETURN_TYPE = YES_ERROR;
				GCC_WARN_UNDECLARED_SELECTOR = YES;
				GCC_WARN_UNINITIALIZED_AUTOS = YES_AGGRESSIVE;
				GCC_WARN_UNUSED_FUNCTION = YES;
				GCC_WARN_UNUSED_VARIABLE = YES;
				IPHONEOS_DEPLOYMENT_TARGET = 16.4;
				MTL_ENABLE_DEBUG_INFO = INCLUDE_SOURCE;
				MTL_FAST_MATH = YES;
				ONLY_ACTIVE_ARCH = YES;
				SDKROOT = iphoneos;
				SWIFT_ACTIVE_COMPILATION_CONDITIONS = DEBUG;
				SWIFT_OPTIMIZATION_LEVEL = "-Onone";
			};
			name = Debug;
		};
		BD2D01982A388755003A25D5 /* Release */ = {
			isa = XCBuildConfiguration;
			buildSettings = {
				ALWAYS_SEARCH_USER_PATHS = NO;
				CLANG_ANALYZER_NONNULL = YES;
				CLANG_ANALYZER_NUMBER_OBJECT_CONVERSION = YES_AGGRESSIVE;
				CLANG_CXX_LANGUAGE_STANDARD = "gnu++20";
				CLANG_ENABLE_MODULES = YES;
				CLANG_ENABLE_OBJC_ARC = YES;
				CLANG_ENABLE_OBJC_WEAK = YES;
				CLANG_WARN_BLOCK_CAPTURE_AUTORELEASING = YES;
				CLANG_WARN_BOOL_CONVERSION = YES;
				CLANG_WARN_COMMA = YES;
				CLANG_WARN_CONSTANT_CONVERSION = YES;
				CLANG_WARN_DEPRECATED_OBJC_IMPLEMENTATIONS = YES;
				CLANG_WARN_DIRECT_OBJC_ISA_USAGE = YES_ERROR;
				CLANG_WARN_DOCUMENTATION_COMMENTS = YES;
				CLANG_WARN_EMPTY_BODY = YES;
				CLANG_WARN_ENUM_CONVERSION = YES;
				CLANG_WARN_INFINITE_RECURSION = YES;
				CLANG_WARN_INT_CONVERSION = YES;
				CLANG_WARN_NON_LITERAL_NULL_CONVERSION = YES;
				CLANG_WARN_OBJC_IMPLICIT_RETAIN_SELF = YES;
				CLANG_WARN_OBJC_LITERAL_CONVERSION = YES;
				CLANG_WARN_OBJC_ROOT_CLASS = YES_ERROR;
				CLANG_WARN_QUOTED_INCLUDE_IN_FRAMEWORK_HEADER = YES;
				CLANG_WARN_RANGE_LOOP_ANALYSIS = YES;
				CLANG_WARN_STRICT_PROTOTYPES = YES;
				CLANG_WARN_SUSPICIOUS_MOVE = YES;
				CLANG_WARN_UNGUARDED_AVAILABILITY = YES_AGGRESSIVE;
				CLANG_WARN_UNREACHABLE_CODE = YES;
				CLANG_WARN__DUPLICATE_METHOD_MATCH = YES;
				COPY_PHASE_STRIP = NO;
				DEBUG_INFORMATION_FORMAT = "dwarf-with-dsym";
				ENABLE_NS_ASSERTIONS = NO;
				ENABLE_STRICT_OBJC_MSGSEND = YES;
				GCC_C_LANGUAGE_STANDARD = gnu11;
				GCC_NO_COMMON_BLOCKS = YES;
				GCC_WARN_64_TO_32_BIT_CONVERSION = YES;
				GCC_WARN_ABOUT_RETURN_TYPE = YES_ERROR;
				GCC_WARN_UNDECLARED_SELECTOR = YES;
				GCC_WARN_UNINITIALIZED_AUTOS = YES_AGGRESSIVE;
				GCC_WARN_UNUSED_FUNCTION = YES;
				GCC_WARN_UNUSED_VARIABLE = YES;
				IPHONEOS_DEPLOYMENT_TARGET = 16.4;
				MTL_ENABLE_DEBUG_INFO = NO;
				MTL_FAST_MATH = YES;
				SDKROOT = iphoneos;
				SWIFT_COMPILATION_MODE = wholemodule;
				SWIFT_OPTIMIZATION_LEVEL = "-O";
				VALIDATE_PRODUCT = YES;
			};
			name = Release;
		};
		BD2D019A2A388755003A25D5 /* Debug */ = {
			isa = XCBuildConfiguration;
			baseConfigurationReference = 776681DE98597BF2B06B332B /* Pods-Weatherbly.debug.xcconfig */;
			buildSettings = {
				ASSETCATALOG_COMPILER_APPICON_NAME = AppIcon;
				ASSETCATALOG_COMPILER_GLOBAL_ACCENT_COLOR_NAME = AccentColor;
				CODE_SIGN_STYLE = Automatic;
				CURRENT_PROJECT_VERSION = 1;
				DEVELOPMENT_TEAM = 4QCSG92KD9;
				GENERATE_INFOPLIST_FILE = YES;
				INFOPLIST_FILE = Weatherbly/Info.plist;
				INFOPLIST_KEY_UIApplicationSupportsIndirectInputEvents = YES;
				INFOPLIST_KEY_UILaunchStoryboardName = LaunchScreen;
				INFOPLIST_KEY_UISupportedInterfaceOrientations = UIInterfaceOrientationPortrait;
				INFOPLIST_KEY_UISupportedInterfaceOrientations_iPad = "UIInterfaceOrientationLandscapeLeft UIInterfaceOrientationLandscapeRight UIInterfaceOrientationPortrait UIInterfaceOrientationPortraitUpsideDown";
				IPHONEOS_DEPLOYMENT_TARGET = 15.0;
				LD_RUNPATH_SEARCH_PATHS = (
					"$(inherited)",
					"@executable_path/Frameworks",
				);
				MARKETING_VERSION = 1.0;
				PRODUCT_BUNDLE_IDENTIFIER = com.redThree.Weatherbly;
				PRODUCT_NAME = "$(TARGET_NAME)";
				SUPPORTED_PLATFORMS = "iphoneos iphonesimulator";
				SUPPORTS_MACCATALYST = NO;
				SUPPORTS_MAC_DESIGNED_FOR_IPHONE_IPAD = NO;
				SWIFT_EMIT_LOC_STRINGS = YES;
				SWIFT_VERSION = 5.0;
				TARGETED_DEVICE_FAMILY = 1;
			};
			name = Debug;
		};
		BD2D019B2A388755003A25D5 /* Release */ = {
			isa = XCBuildConfiguration;
			baseConfigurationReference = AD27F799DFB4717970A2F3B0 /* Pods-Weatherbly.release.xcconfig */;
			buildSettings = {
				ASSETCATALOG_COMPILER_APPICON_NAME = AppIcon;
				ASSETCATALOG_COMPILER_GLOBAL_ACCENT_COLOR_NAME = AccentColor;
				CODE_SIGN_STYLE = Automatic;
				CURRENT_PROJECT_VERSION = 1;
				DEVELOPMENT_TEAM = 4QCSG92KD9;
				GENERATE_INFOPLIST_FILE = YES;
				INFOPLIST_FILE = Weatherbly/Info.plist;
				INFOPLIST_KEY_UIApplicationSupportsIndirectInputEvents = YES;
				INFOPLIST_KEY_UILaunchStoryboardName = LaunchScreen;
				INFOPLIST_KEY_UISupportedInterfaceOrientations = UIInterfaceOrientationPortrait;
				INFOPLIST_KEY_UISupportedInterfaceOrientations_iPad = "UIInterfaceOrientationLandscapeLeft UIInterfaceOrientationLandscapeRight UIInterfaceOrientationPortrait UIInterfaceOrientationPortraitUpsideDown";
				IPHONEOS_DEPLOYMENT_TARGET = 15.0;
				LD_RUNPATH_SEARCH_PATHS = (
					"$(inherited)",
					"@executable_path/Frameworks",
				);
				MARKETING_VERSION = 1.0;
				PRODUCT_BUNDLE_IDENTIFIER = com.redThree.Weatherbly;
				PRODUCT_NAME = "$(TARGET_NAME)";
				SUPPORTED_PLATFORMS = "iphoneos iphonesimulator";
				SUPPORTS_MACCATALYST = NO;
				SUPPORTS_MAC_DESIGNED_FOR_IPHONE_IPAD = NO;
				SWIFT_EMIT_LOC_STRINGS = YES;
				SWIFT_VERSION = 5.0;
				TARGETED_DEVICE_FAMILY = 1;
			};
			name = Release;
		};
/* End XCBuildConfiguration section */

/* Begin XCConfigurationList section */
		BD2D01802A388753003A25D5 /* Build configuration list for PBXProject "Weatherbly" */ = {
			isa = XCConfigurationList;
			buildConfigurations = (
				BD2D01972A388755003A25D5 /* Debug */,
				BD2D01982A388755003A25D5 /* Release */,
			);
			defaultConfigurationIsVisible = 0;
			defaultConfigurationName = Release;
		};
		BD2D01992A388755003A25D5 /* Build configuration list for PBXNativeTarget "Weatherbly" */ = {
			isa = XCConfigurationList;
			buildConfigurations = (
				BD2D019A2A388755003A25D5 /* Debug */,
				BD2D019B2A388755003A25D5 /* Release */,
			);
			defaultConfigurationIsVisible = 0;
			defaultConfigurationName = Release;
		};
/* End XCConfigurationList section */
	};
	rootObject = BD2D017D2A388753003A25D5 /* Project object */;
}
