// !$*UTF8*$!
{
	archiveVersion = 1;
	classes = {
	};
	objectVersion = 56;
	objects = {

/* Begin PBXBuildFile section */
		69E25DBD2A2F1012009B36F3 /* AppDelegate.swift in Sources */ = {isa = PBXBuildFile; fileRef = 69E25DBC2A2F1012009B36F3 /* AppDelegate.swift */; };
		69E25DBF2A2F1012009B36F3 /* SceneDelegate.swift in Sources */ = {isa = PBXBuildFile; fileRef = 69E25DBE2A2F1012009B36F3 /* SceneDelegate.swift */; };
		69E25DC62A2F1013009B36F3 /* Assets.xcassets in Resources */ = {isa = PBXBuildFile; fileRef = 69E25DC52A2F1013009B36F3 /* Assets.xcassets */; };
		69E25DD32A2F1089009B36F3 /* BaseViewController.swift in Sources */ = {isa = PBXBuildFile; fileRef = 69E25DD22A2F1089009B36F3 /* BaseViewController.swift */; };
		69E25DDB2A2F11E0009B36F3 /* HomeViewController.swift in Sources */ = {isa = PBXBuildFile; fileRef = 69E25DDA2A2F11E0009B36F3 /* HomeViewController.swift */; };
		69E25DF12A2F1E20009B36F3 /* UIButton+.swift in Sources */ = {isa = PBXBuildFile; fileRef = 69E25DF02A2F1E20009B36F3 /* UIButton+.swift */; };
		69E25DF32A2F1E6A009B36F3 /* OnBoardViewController.swift in Sources */ = {isa = PBXBuildFile; fileRef = 69E25DF22A2F1E6A009B36F3 /* OnBoardViewController.swift */; };
		69E25E0D2A2F3116009B36F3 /* Then in Frameworks */ = {isa = PBXBuildFile; productRef = 69E25E0C2A2F3116009B36F3 /* Then */; };
		69E25E102A2F3126009B36F3 /* FlexLayout in Frameworks */ = {isa = PBXBuildFile; productRef = 69E25E0F2A2F3126009B36F3 /* FlexLayout */; };
		69E25E132A2F3135009B36F3 /* PinLayout in Frameworks */ = {isa = PBXBuildFile; productRef = 69E25E122A2F3135009B36F3 /* PinLayout */; };
		69E25E162A2F328A009B36F3 /* RxCocoa in Frameworks */ = {isa = PBXBuildFile; productRef = 69E25E152A2F328A009B36F3 /* RxCocoa */; };
		69E25E182A2F328A009B36F3 /* RxRelay in Frameworks */ = {isa = PBXBuildFile; productRef = 69E25E172A2F328A009B36F3 /* RxRelay */; };
		69E25E1A2A2F328A009B36F3 /* RxSwift in Frameworks */ = {isa = PBXBuildFile; productRef = 69E25E192A2F328A009B36F3 /* RxSwift */; };
/* End PBXBuildFile section */

/* Begin PBXFileReference section */
		69E25DB92A2F1012009B36F3 /* Weathervely.app */ = {isa = PBXFileReference; explicitFileType = wrapper.application; includeInIndex = 0; path = Weathervely.app; sourceTree = BUILT_PRODUCTS_DIR; };
		69E25DBC2A2F1012009B36F3 /* AppDelegate.swift */ = {isa = PBXFileReference; lastKnownFileType = sourcecode.swift; path = AppDelegate.swift; sourceTree = "<group>"; };
		69E25DBE2A2F1012009B36F3 /* SceneDelegate.swift */ = {isa = PBXFileReference; lastKnownFileType = sourcecode.swift; path = SceneDelegate.swift; sourceTree = "<group>"; };
		69E25DC52A2F1013009B36F3 /* Assets.xcassets */ = {isa = PBXFileReference; lastKnownFileType = folder.assetcatalog; path = Assets.xcassets; sourceTree = "<group>"; };
		69E25DCA2A2F1013009B36F3 /* Info.plist */ = {isa = PBXFileReference; lastKnownFileType = text.plist.xml; path = Info.plist; sourceTree = "<group>"; };
		69E25DD22A2F1089009B36F3 /* BaseViewController.swift */ = {isa = PBXFileReference; lastKnownFileType = sourcecode.swift; path = BaseViewController.swift; sourceTree = "<group>"; };
		69E25DDA2A2F11E0009B36F3 /* HomeViewController.swift */ = {isa = PBXFileReference; lastKnownFileType = sourcecode.swift; path = HomeViewController.swift; sourceTree = "<group>"; };
		69E25DF02A2F1E20009B36F3 /* UIButton+.swift */ = {isa = PBXFileReference; lastKnownFileType = sourcecode.swift; path = "UIButton+.swift"; sourceTree = "<group>"; };
		69E25DF22A2F1E6A009B36F3 /* OnBoardViewController.swift */ = {isa = PBXFileReference; lastKnownFileType = sourcecode.swift; path = OnBoardViewController.swift; sourceTree = "<group>"; };
/* End PBXFileReference section */

/* Begin PBXFrameworksBuildPhase section */
		69E25E032A2F30EF009B36F3 /* Frameworks */ = {
			isa = PBXFrameworksBuildPhase;
			buildActionMask = 2147483647;
			files = (
				69E25E1A2A2F328A009B36F3 /* RxSwift in Frameworks */,
				69E25E182A2F328A009B36F3 /* RxRelay in Frameworks */,
				69E25E132A2F3135009B36F3 /* PinLayout in Frameworks */,
				69E25E102A2F3126009B36F3 /* FlexLayout in Frameworks */,
				69E25E162A2F328A009B36F3 /* RxCocoa in Frameworks */,
				69E25E0D2A2F3116009B36F3 /* Then in Frameworks */,
			);
			runOnlyForDeploymentPostprocessing = 0;
		};
/* End PBXFrameworksBuildPhase section */

/* Begin PBXGroup section */
		69E25DB02A2F1012009B36F3 = {
			isa = PBXGroup;
			children = (
				69E25DBB2A2F1012009B36F3 /* Weathervely */,
				69E25DBA2A2F1012009B36F3 /* Products */,
			);
			sourceTree = "<group>";
		};
		69E25DBA2A2F1012009B36F3 /* Products */ = {
			isa = PBXGroup;
			children = (
				69E25DB92A2F1012009B36F3 /* Weathervely.app */,
			);
			name = Products;
			sourceTree = "<group>";
		};
		69E25DBB2A2F1012009B36F3 /* Weathervely */ = {
			isa = PBXGroup;
			children = (
				69E25DD62A2F10BE009B36F3 /* Helper */,
				69E25DD72A2F10DA009B36F3 /* Network */,
				69E25DD52A2F10B1009B36F3 /* View */,
				69E25DD42A2F10A7009B36F3 /* Model */,
				69E25DBC2A2F1012009B36F3 /* AppDelegate.swift */,
				69E25DBE2A2F1012009B36F3 /* SceneDelegate.swift */,
				69E25DC52A2F1013009B36F3 /* Assets.xcassets */,
				69E25DCA2A2F1013009B36F3 /* Info.plist */,
			);
			path = Weathervely;
			sourceTree = "<group>";
		};
		69E25DD42A2F10A7009B36F3 /* Model */ = {
			isa = PBXGroup;
			children = (
			);
			path = Model;
			sourceTree = "<group>";
		};
		69E25DD52A2F10B1009B36F3 /* View */ = {
			isa = PBXGroup;
			children = (
				69E25DDA2A2F11E0009B36F3 /* HomeViewController.swift */,
				69E25DF22A2F1E6A009B36F3 /* OnBoardViewController.swift */,
			);
			path = View;
			sourceTree = "<group>";
		};
		69E25DD62A2F10BE009B36F3 /* Helper */ = {
			isa = PBXGroup;
			children = (
				69E25E1B2A30BA27009B36F3 /* Base */,
				69E25DD82A2F10EA009B36F3 /* Extension */,
				69E25DD92A2F10F2009B36F3 /* Enum */,
			);
			path = Helper;
			sourceTree = "<group>";
		};
		69E25DD72A2F10DA009B36F3 /* Network */ = {
			isa = PBXGroup;
			children = (
			);
			path = Network;
			sourceTree = "<group>";
		};
		69E25DD82A2F10EA009B36F3 /* Extension */ = {
			isa = PBXGroup;
			children = (
				69E25DF02A2F1E20009B36F3 /* UIButton+.swift */,
			);
			path = Extension;
			sourceTree = "<group>";
		};
		69E25DD92A2F10F2009B36F3 /* Enum */ = {
			isa = PBXGroup;
			children = (
			);
			path = Enum;
			sourceTree = "<group>";
		};
		69E25E1B2A30BA27009B36F3 /* Base */ = {
			isa = PBXGroup;
			children = (
				69E25DD22A2F1089009B36F3 /* BaseViewController.swift */,
			);
			path = Base;
			sourceTree = "<group>";
		};
/* End PBXGroup section */

/* Begin PBXNativeTarget section */
		69E25DB82A2F1012009B36F3 /* Weathervely */ = {
			isa = PBXNativeTarget;
			buildConfigurationList = 69E25DCD2A2F1013009B36F3 /* Build configuration list for PBXNativeTarget "Weathervely" */;
			buildPhases = (
				69E25DB52A2F1012009B36F3 /* Sources */,
				69E25DB72A2F1012009B36F3 /* Resources */,
				69E25E032A2F30EF009B36F3 /* Frameworks */,
			);
			buildRules = (
			);
			dependencies = (
			);
			name = Weathervely;
			packageProductDependencies = (
				69E25E0C2A2F3116009B36F3 /* Then */,
				69E25E0F2A2F3126009B36F3 /* FlexLayout */,
				69E25E122A2F3135009B36F3 /* PinLayout */,
				69E25E152A2F328A009B36F3 /* RxCocoa */,
				69E25E172A2F328A009B36F3 /* RxRelay */,
				69E25E192A2F328A009B36F3 /* RxSwift */,
			);
			productName = Weathervely;
			productReference = 69E25DB92A2F1012009B36F3 /* Weathervely.app */;
			productType = "com.apple.product-type.application";
		};
/* End PBXNativeTarget section */

/* Begin PBXProject section */
		69E25DB12A2F1012009B36F3 /* Project object */ = {
			isa = PBXProject;
			attributes = {
				BuildIndependentTargetsInParallel = 1;
				LastSwiftUpdateCheck = 1430;
				LastUpgradeCheck = 1430;
				TargetAttributes = {
					69E25DB82A2F1012009B36F3 = {
						CreatedOnToolsVersion = 14.3;
					};
				};
			};
			buildConfigurationList = 69E25DB42A2F1012009B36F3 /* Build configuration list for PBXProject "Weathervely" */;
			compatibilityVersion = "Xcode 14.0";
			developmentRegion = en;
			hasScannedForEncodings = 0;
			knownRegions = (
				en,
				Base,
			);
			mainGroup = 69E25DB02A2F1012009B36F3;
			packageReferences = (
				69E25E0B2A2F3116009B36F3 /* XCRemoteSwiftPackageReference "Then" */,
				69E25E0E2A2F3126009B36F3 /* XCRemoteSwiftPackageReference "FlexLayout" */,
				69E25E112A2F3135009B36F3 /* XCRemoteSwiftPackageReference "PinLayout" */,
				69E25E142A2F328A009B36F3 /* XCRemoteSwiftPackageReference "RxSwift" */,
			);
			productRefGroup = 69E25DBA2A2F1012009B36F3 /* Products */;
			projectDirPath = "";
			projectRoot = "";
			targets = (
				69E25DB82A2F1012009B36F3 /* Weathervely */,
			);
		};
/* End PBXProject section */

/* Begin PBXResourcesBuildPhase section */
		69E25DB72A2F1012009B36F3 /* Resources */ = {
			isa = PBXResourcesBuildPhase;
			buildActionMask = 2147483647;
			files = (
				69E25DC62A2F1013009B36F3 /* Assets.xcassets in Resources */,
			);
			runOnlyForDeploymentPostprocessing = 0;
		};
/* End PBXResourcesBuildPhase section */

/* Begin PBXSourcesBuildPhase section */
		69E25DB52A2F1012009B36F3 /* Sources */ = {
			isa = PBXSourcesBuildPhase;
			buildActionMask = 2147483647;
			files = (
				69E25DBD2A2F1012009B36F3 /* AppDelegate.swift in Sources */,
				69E25DBF2A2F1012009B36F3 /* SceneDelegate.swift in Sources */,
				69E25DD32A2F1089009B36F3 /* BaseViewController.swift in Sources */,
				69E25DDB2A2F11E0009B36F3 /* HomeViewController.swift in Sources */,
				69E25DF32A2F1E6A009B36F3 /* OnBoardViewController.swift in Sources */,
				69E25DF12A2F1E20009B36F3 /* UIButton+.swift in Sources */,
			);
			runOnlyForDeploymentPostprocessing = 0;
		};
/* End PBXSourcesBuildPhase section */

/* Begin XCBuildConfiguration section */
		69E25DCB2A2F1013009B36F3 /* Debug */ = {
			isa = XCBuildConfiguration;
			buildSettings = {
				ALWAYS_SEARCH_USER_PATHS = NO;
				CLANG_ANALYZER_NONNULL = YES;
				CLANG_ANALYZER_NUMBER_OBJECT_CONVERSION = YES_AGGRESSIVE;
				CLANG_CXX_LANGUAGE_STANDARD = "gnu++20";
				CLANG_ENABLE_MODULES = YES;
				CLANG_ENABLE_OBJC_ARC = YES;
				CLANG_ENABLE_OBJC_WEAK = YES;
				CLANG_WARN_BLOCK_CAPTURE_AUTORELEASING = YES;
				CLANG_WARN_BOOL_CONVERSION = YES;
				CLANG_WARN_COMMA = YES;
				CLANG_WARN_CONSTANT_CONVERSION = YES;
				CLANG_WARN_DEPRECATED_OBJC_IMPLEMENTATIONS = YES;
				CLANG_WARN_DIRECT_OBJC_ISA_USAGE = YES_ERROR;
				CLANG_WARN_DOCUMENTATION_COMMENTS = YES;
				CLANG_WARN_EMPTY_BODY = YES;
				CLANG_WARN_ENUM_CONVERSION = YES;
				CLANG_WARN_INFINITE_RECURSION = YES;
				CLANG_WARN_INT_CONVERSION = YES;
				CLANG_WARN_NON_LITERAL_NULL_CONVERSION = YES;
				CLANG_WARN_OBJC_IMPLICIT_RETAIN_SELF = YES;
				CLANG_WARN_OBJC_LITERAL_CONVERSION = YES;
				CLANG_WARN_OBJC_ROOT_CLASS = YES_ERROR;
				CLANG_WARN_QUOTED_INCLUDE_IN_FRAMEWORK_HEADER = YES;
				CLANG_WARN_RANGE_LOOP_ANALYSIS = YES;
				CLANG_WARN_STRICT_PROTOTYPES = YES;
				CLANG_WARN_SUSPICIOUS_MOVE = YES;
				CLANG_WARN_UNGUARDED_AVAILABILITY = YES_AGGRESSIVE;
				CLANG_WARN_UNREACHABLE_CODE = YES;
				CLANG_WARN__DUPLICATE_METHOD_MATCH = YES;
				COPY_PHASE_STRIP = NO;
				DEBUG_INFORMATION_FORMAT = dwarf;
				ENABLE_STRICT_OBJC_MSGSEND = YES;
				ENABLE_TESTABILITY = YES;
				GCC_C_LANGUAGE_STANDARD = gnu11;
				GCC_DYNAMIC_NO_PIC = NO;
				GCC_NO_COMMON_BLOCKS = YES;
				GCC_OPTIMIZATION_LEVEL = 0;
				GCC_PREPROCESSOR_DEFINITIONS = (
					"DEBUG=1",
					"$(inherited)",
				);
				GCC_WARN_64_TO_32_BIT_CONVERSION = YES;
				GCC_WARN_ABOUT_RETURN_TYPE = YES_ERROR;
				GCC_WARN_UNDECLARED_SELECTOR = YES;
				GCC_WARN_UNINITIALIZED_AUTOS = YES_AGGRESSIVE;
				GCC_WARN_UNUSED_FUNCTION = YES;
				GCC_WARN_UNUSED_VARIABLE = YES;
				IPHONEOS_DEPLOYMENT_TARGET = 16.4;
				MTL_ENABLE_DEBUG_INFO = INCLUDE_SOURCE;
				MTL_FAST_MATH = YES;
				ONLY_ACTIVE_ARCH = YES;
				SDKROOT = iphoneos;
				SWIFT_ACTIVE_COMPILATION_CONDITIONS = DEBUG;
				SWIFT_OPTIMIZATION_LEVEL = "-Onone";
			};
			name = Debug;
		};
		69E25DCC2A2F1013009B36F3 /* Release */ = {
			isa = XCBuildConfiguration;
			buildSettings = {
				ALWAYS_SEARCH_USER_PATHS = NO;
				CLANG_ANALYZER_NONNULL = YES;
				CLANG_ANALYZER_NUMBER_OBJECT_CONVERSION = YES_AGGRESSIVE;
				CLANG_CXX_LANGUAGE_STANDARD = "gnu++20";
				CLANG_ENABLE_MODULES = YES;
				CLANG_ENABLE_OBJC_ARC = YES;
				CLANG_ENABLE_OBJC_WEAK = YES;
				CLANG_WARN_BLOCK_CAPTURE_AUTORELEASING = YES;
				CLANG_WARN_BOOL_CONVERSION = YES;
				CLANG_WARN_COMMA = YES;
				CLANG_WARN_CONSTANT_CONVERSION = YES;
				CLANG_WARN_DEPRECATED_OBJC_IMPLEMENTATIONS = YES;
				CLANG_WARN_DIRECT_OBJC_ISA_USAGE = YES_ERROR;
				CLANG_WARN_DOCUMENTATION_COMMENTS = YES;
				CLANG_WARN_EMPTY_BODY = YES;
				CLANG_WARN_ENUM_CONVERSION = YES;
				CLANG_WARN_INFINITE_RECURSION = YES;
				CLANG_WARN_INT_CONVERSION = YES;
				CLANG_WARN_NON_LITERAL_NULL_CONVERSION = YES;
				CLANG_WARN_OBJC_IMPLICIT_RETAIN_SELF = YES;
				CLANG_WARN_OBJC_LITERAL_CONVERSION = YES;
				CLANG_WARN_OBJC_ROOT_CLASS = YES_ERROR;
				CLANG_WARN_QUOTED_INCLUDE_IN_FRAMEWORK_HEADER = YES;
				CLANG_WARN_RANGE_LOOP_ANALYSIS = YES;
				CLANG_WARN_STRICT_PROTOTYPES = YES;
				CLANG_WARN_SUSPICIOUS_MOVE = YES;
				CLANG_WARN_UNGUARDED_AVAILABILITY = YES_AGGRESSIVE;
				CLANG_WARN_UNREACHABLE_CODE = YES;
				CLANG_WARN__DUPLICATE_METHOD_MATCH = YES;
				COPY_PHASE_STRIP = NO;
				DEBUG_INFORMATION_FORMAT = "dwarf-with-dsym";
				ENABLE_NS_ASSERTIONS = NO;
				ENABLE_STRICT_OBJC_MSGSEND = YES;
				GCC_C_LANGUAGE_STANDARD = gnu11;
				GCC_NO_COMMON_BLOCKS = YES;
				GCC_WARN_64_TO_32_BIT_CONVERSION = YES;
				GCC_WARN_ABOUT_RETURN_TYPE = YES_ERROR;
				GCC_WARN_UNDECLARED_SELECTOR = YES;
				GCC_WARN_UNINITIALIZED_AUTOS = YES_AGGRESSIVE;
				GCC_WARN_UNUSED_FUNCTION = YES;
				GCC_WARN_UNUSED_VARIABLE = YES;
				IPHONEOS_DEPLOYMENT_TARGET = 16.4;
				MTL_ENABLE_DEBUG_INFO = NO;
				MTL_FAST_MATH = YES;
				SDKROOT = iphoneos;
				SWIFT_COMPILATION_MODE = wholemodule;
				SWIFT_OPTIMIZATION_LEVEL = "-O";
				VALIDATE_PRODUCT = YES;
			};
			name = Release;
		};
		69E25DCE2A2F1013009B36F3 /* Debug */ = {
			isa = XCBuildConfiguration;
			buildSettings = {
				ASSETCATALOG_COMPILER_APPICON_NAME = AppIcon;
				ASSETCATALOG_COMPILER_GLOBAL_ACCENT_COLOR_NAME = AccentColor;
				CODE_SIGN_STYLE = Automatic;
				CURRENT_PROJECT_VERSION = 1;
				"GCC_PREPROCESSOR_DEFINITIONS[arch=*]" = "FLEXLAYOUT_SWIFT_PACKAGE=1";
				GENERATE_INFOPLIST_FILE = YES;
				INFOPLIST_FILE = Weathervely/Info.plist;
				INFOPLIST_KEY_UIApplicationSupportsIndirectInputEvents = YES;
				INFOPLIST_KEY_UILaunchStoryboardName = LaunchScreen;
				INFOPLIST_KEY_UISupportedInterfaceOrientations_iPad = "UIInterfaceOrientationPortrait UIInterfaceOrientationPortraitUpsideDown UIInterfaceOrientationLandscapeLeft UIInterfaceOrientationLandscapeRight";
				INFOPLIST_KEY_UISupportedInterfaceOrientations_iPhone = "UIInterfaceOrientationPortrait UIInterfaceOrientationLandscapeLeft UIInterfaceOrientationLandscapeRight";
				IPHONEOS_DEPLOYMENT_TARGET = 15.0;
				LD_RUNPATH_SEARCH_PATHS = (
					"$(inherited)",
					"@executable_path/Frameworks",
				);
				MARKETING_VERSION = 1.0;
				PRODUCT_BUNDLE_IDENTIFIER = com.redThree.Weathervely;
				PRODUCT_NAME = "$(TARGET_NAME)";
				SWIFT_EMIT_LOC_STRINGS = YES;
				SWIFT_VERSION = 5.0;
				TARGETED_DEVICE_FAMILY = "1,2";
			};
			name = Debug;
		};
		69E25DCF2A2F1013009B36F3 /* Release */ = {
			isa = XCBuildConfiguration;
			buildSettings = {
				ASSETCATALOG_COMPILER_APPICON_NAME = AppIcon;
				ASSETCATALOG_COMPILER_GLOBAL_ACCENT_COLOR_NAME = AccentColor;
				CODE_SIGN_STYLE = Automatic;
				CURRENT_PROJECT_VERSION = 1;
				"GCC_PREPROCESSOR_DEFINITIONS[arch=*]" = "FLEXLAYOUT_SWIFT_PACKAGE=1";
				GENERATE_INFOPLIST_FILE = YES;
				INFOPLIST_FILE = Weathervely/Info.plist;
				INFOPLIST_KEY_UIApplicationSupportsIndirectInputEvents = YES;
				INFOPLIST_KEY_UILaunchStoryboardName = LaunchScreen;
				INFOPLIST_KEY_UISupportedInterfaceOrientations_iPad = "UIInterfaceOrientationPortrait UIInterfaceOrientationPortraitUpsideDown UIInterfaceOrientationLandscapeLeft UIInterfaceOrientationLandscapeRight";
				INFOPLIST_KEY_UISupportedInterfaceOrientations_iPhone = "UIInterfaceOrientationPortrait UIInterfaceOrientationLandscapeLeft UIInterfaceOrientationLandscapeRight";
				IPHONEOS_DEPLOYMENT_TARGET = 15.0;
				LD_RUNPATH_SEARCH_PATHS = (
					"$(inherited)",
					"@executable_path/Frameworks",
				);
				MARKETING_VERSION = 1.0;
				PRODUCT_BUNDLE_IDENTIFIER = com.redThree.Weathervely;
				PRODUCT_NAME = "$(TARGET_NAME)";
				SWIFT_EMIT_LOC_STRINGS = YES;
				SWIFT_VERSION = 5.0;
				TARGETED_DEVICE_FAMILY = "1,2";
			};
			name = Release;
		};
/* End XCBuildConfiguration section */

/* Begin XCConfigurationList section */
		69E25DB42A2F1012009B36F3 /* Build configuration list for PBXProject "Weathervely" */ = {
			isa = XCConfigurationList;
			buildConfigurations = (
				69E25DCB2A2F1013009B36F3 /* Debug */,
				69E25DCC2A2F1013009B36F3 /* Release */,
			);
			defaultConfigurationIsVisible = 0;
			defaultConfigurationName = Release;
		};
		69E25DCD2A2F1013009B36F3 /* Build configuration list for PBXNativeTarget "Weathervely" */ = {
			isa = XCConfigurationList;
			buildConfigurations = (
				69E25DCE2A2F1013009B36F3 /* Debug */,
				69E25DCF2A2F1013009B36F3 /* Release */,
			);
			defaultConfigurationIsVisible = 0;
			defaultConfigurationName = Release;
		};
/* End XCConfigurationList section */

/* Begin XCRemoteSwiftPackageReference section */
		69E25E0B2A2F3116009B36F3 /* XCRemoteSwiftPackageReference "Then" */ = {
			isa = XCRemoteSwiftPackageReference;
			repositoryURL = "https://github.com/devxoul/Then";
			requirement = {
				kind = upToNextMajorVersion;
				minimumVersion = 3.0.0;
			};
		};
		69E25E0E2A2F3126009B36F3 /* XCRemoteSwiftPackageReference "FlexLayout" */ = {
			isa = XCRemoteSwiftPackageReference;
			repositoryURL = "https://github.com/layoutBox/FlexLayout";
			requirement = {
				kind = upToNextMajorVersion;
				minimumVersion = 1.0.0;
			};
		};
		69E25E112A2F3135009B36F3 /* XCRemoteSwiftPackageReference "PinLayout" */ = {
			isa = XCRemoteSwiftPackageReference;
			repositoryURL = "https://github.com/layoutBox/PinLayout";
			requirement = {
				kind = upToNextMajorVersion;
				minimumVersion = 1.0.0;
			};
		};
		69E25E142A2F328A009B36F3 /* XCRemoteSwiftPackageReference "RxSwift" */ = {
			isa = XCRemoteSwiftPackageReference;
			repositoryURL = "https://github.com/ReactiveX/RxSwift.git";
			requirement = {
				kind = upToNextMajorVersion;
				minimumVersion = 6.0.0;
			};
		};
/* End XCRemoteSwiftPackageReference section */

/* Begin XCSwiftPackageProductDependency section */
		69E25E0C2A2F3116009B36F3 /* Then */ = {
			isa = XCSwiftPackageProductDependency;
			package = 69E25E0B2A2F3116009B36F3 /* XCRemoteSwiftPackageReference "Then" */;
			productName = Then;
		};
		69E25E0F2A2F3126009B36F3 /* FlexLayout */ = {
			isa = XCSwiftPackageProductDependency;
			package = 69E25E0E2A2F3126009B36F3 /* XCRemoteSwiftPackageReference "FlexLayout" */;
			productName = FlexLayout;
		};
		69E25E122A2F3135009B36F3 /* PinLayout */ = {
			isa = XCSwiftPackageProductDependency;
			package = 69E25E112A2F3135009B36F3 /* XCRemoteSwiftPackageReference "PinLayout" */;
			productName = PinLayout;
		};
		69E25E152A2F328A009B36F3 /* RxCocoa */ = {
			isa = XCSwiftPackageProductDependency;
			package = 69E25E142A2F328A009B36F3 /* XCRemoteSwiftPackageReference "RxSwift" */;
			productName = RxCocoa;
		};
		69E25E172A2F328A009B36F3 /* RxRelay */ = {
			isa = XCSwiftPackageProductDependency;
			package = 69E25E142A2F328A009B36F3 /* XCRemoteSwiftPackageReference "RxSwift" */;
			productName = RxRelay;
		};
		69E25E192A2F328A009B36F3 /* RxSwift */ = {
			isa = XCSwiftPackageProductDependency;
			package = 69E25E142A2F328A009B36F3 /* XCRemoteSwiftPackageReference "RxSwift" */;
			productName = RxSwift;
		};
/* End XCSwiftPackageProductDependency section */
	};
	rootObject = 69E25DB12A2F1012009B36F3 /* Project object */;
}
